// !$*UTF8*$!
{
	archiveVersion = 1;
	classes = {
	};
	objectVersion = 46;
	objects = {

/* Begin PBXBuildFile section */
		62F83CE2C126DEFEF597543B /* libPods-FantasyBasketball.a in Frameworks */ = {isa = PBXBuildFile; fileRef = 7EB74AB10145C6C0AE2BFA13 /* libPods-FantasyBasketball.a */; };
		F904F3A71B6C665600B7BD37 /* FBViewController.m in Sources */ = {isa = PBXBuildFile; fileRef = F904F3A61B6C665600B7BD37 /* FBViewController.m */; };
		F904F3AC1B6C8E7B00B7BD37 /* MA@2x.png in Resources */ = {isa = PBXBuildFile; fileRef = F904F3A81B6C8E7B00B7BD37 /* MA@2x.png */; };
		F904F3AD1B6C8E7B00B7BD37 /* MY@2x.png in Resources */ = {isa = PBXBuildFile; fileRef = F904F3A91B6C8E7B00B7BD37 /* MY@2x.png */; };
		F904F3AE1B6C8E7B00B7BD37 /* PL@2x.png in Resources */ = {isa = PBXBuildFile; fileRef = F904F3AA1B6C8E7B00B7BD37 /* PL@2x.png */; };
		F904F3AF1B6C8E7B00B7BD37 /* SE@2x.png in Resources */ = {isa = PBXBuildFile; fileRef = F904F3AB1B6C8E7B00B7BD37 /* SE@2x.png */; };
		F904F3B21B6C8E8100B7BD37 /* DL@2x.png in Resources */ = {isa = PBXBuildFile; fileRef = F904F3B01B6C8E8100B7BD37 /* DL@2x.png */; };
		F904F3B31B6C8E8100B7BD37 /* GR@2x.png in Resources */ = {isa = PBXBuildFile; fileRef = F904F3B11B6C8E8100B7BD37 /* GR@2x.png */; };
		F918BB151B6D344A00E927C4 /* basketball@2x.png in Resources */ = {isa = PBXBuildFile; fileRef = F918BB141B6D344A00E927C4 /* basketball@2x.png */; };
		F933F76E1A6B2585009E24D8 /* DailyLeadersViewController.m in Sources */ = {isa = PBXBuildFile; fileRef = F933F76D1A6B2585009E24D8 /* DailyLeadersViewController.m */; };
		F933F7711A6B5414009E24D8 /* MatchupViewController.m in Sources */ = {isa = PBXBuildFile; fileRef = F933F7701A6B5414009E24D8 /* MatchupViewController.m */; };
		F954E9821B65E501000F323F /* TFHpple.m in Sources */ = {isa = PBXBuildFile; fileRef = F954E97D1B65E501000F323F /* TFHpple.m */; };
		F954E9831B65E501000F323F /* TFHppleElement.m in Sources */ = {isa = PBXBuildFile; fileRef = F954E97F1B65E501000F323F /* TFHppleElement.m */; };
		F954E9841B65E501000F323F /* XPathQuery.m in Sources */ = {isa = PBXBuildFile; fileRef = F954E9811B65E501000F323F /* XPathQuery.m */; };
		F954E9901B65E52C000F323F /* BEMAverageLine.m in Sources */ = {isa = PBXBuildFile; fileRef = F954E9871B65E52C000F323F /* BEMAverageLine.m */; };
		F954E9911B65E52C000F323F /* BEMCircle.m in Sources */ = {isa = PBXBuildFile; fileRef = F954E9891B65E52C000F323F /* BEMCircle.m */; };
		F954E9921B65E52C000F323F /* BEMLine.m in Sources */ = {isa = PBXBuildFile; fileRef = F954E98B1B65E52C000F323F /* BEMLine.m */; };
		F954E9931B65E52C000F323F /* BEMPermanentPopupView.m in Sources */ = {isa = PBXBuildFile; fileRef = F954E98D1B65E52C000F323F /* BEMPermanentPopupView.m */; };
		F954E9941B65E52C000F323F /* BEMSimpleLineGraphView.m in Sources */ = {isa = PBXBuildFile; fileRef = F954E98F1B65E52C000F323F /* BEMSimpleLineGraphView.m */; };
		F9573F351B6BF3AA00AE4872 /* QuartzCore.framework in Frameworks */ = {isa = PBXBuildFile; fileRef = F9573F341B6BF3AA00AE4872 /* QuartzCore.framework */; };
		F95F53D21B6BFE5300CFF253 /* StadiumBlur.jpg in Resources */ = {isa = PBXBuildFile; fileRef = F95F53D11B6BFE5300CFF253 /* StadiumBlur.jpg */; };
		F95F53D51B6BFECA00CFF253 /* LeftSideMenuViewController.m in Sources */ = {isa = PBXBuildFile; fileRef = F95F53D41B6BFECA00CFF253 /* LeftSideMenuViewController.m */; };
		F95F53E01B6C0FDE00CFF253 /* SettingsViewController.m in Sources */ = {isa = PBXBuildFile; fileRef = F95F53DF1B6C0FDE00CFF253 /* SettingsViewController.m */; };
		F965908E1A676DB2005384D1 /* main.m in Sources */ = {isa = PBXBuildFile; fileRef = F965908D1A676DB2005384D1 /* main.m */; };
		F96590911A676DB2005384D1 /* AppDelegate.m in Sources */ = {isa = PBXBuildFile; fileRef = F96590901A676DB2005384D1 /* AppDelegate.m */; };
		F965909A1A676DB3005384D1 /* Main.storyboard in Resources */ = {isa = PBXBuildFile; fileRef = F96590981A676DB3005384D1 /* Main.storyboard */; };
		F965909C1A676DB3005384D1 /* Images.xcassets in Resources */ = {isa = PBXBuildFile; fileRef = F965909B1A676DB3005384D1 /* Images.xcassets */; };
		F965909F1A676DB3005384D1 /* LaunchScreen.xib in Resources */ = {isa = PBXBuildFile; fileRef = F965909D1A676DB3005384D1 /* LaunchScreen.xib */; };
		F96590AB1A676DB3005384D1 /* FantasyBasketballTests.m in Sources */ = {isa = PBXBuildFile; fileRef = F96590AA1A676DB3005384D1 /* FantasyBasketballTests.m */; };
		F96590B61A6773E8005384D1 /* MyTeamViewController.m in Sources */ = {isa = PBXBuildFile; fileRef = F96590B51A6773E8005384D1 /* MyTeamViewController.m */; };
		F96590B91A677441005384D1 /* PlayersViewController.m in Sources */ = {isa = PBXBuildFile; fileRef = F96590B81A677441005384D1 /* PlayersViewController.m */; };
		F96590CB1A67872E005384D1 /* libxml2.dylib in Frameworks */ = {isa = PBXBuildFile; fileRef = F96590CA1A67872E005384D1 /* libxml2.dylib */; };
		F96DAF441B6C2F2B00648CCF /* FBPickerView.m in Sources */ = {isa = PBXBuildFile; fileRef = F96DAF431B6C2F2B00648CCF /* FBPickerView.m */; };
		F96DAF461B6C2F5200648CCF /* FBPickerView.xib in Resources */ = {isa = PBXBuildFile; fileRef = F96DAF451B6C2F5200648CCF /* FBPickerView.xib */; };
		F97063801A6C98B800A50A43 /* PlayerViewController.m in Sources */ = {isa = PBXBuildFile; fileRef = F970637F1A6C98B800A50A43 /* PlayerViewController.m */; };
		F97063831A6C98D700A50A43 /* WebViewController.m in Sources */ = {isa = PBXBuildFile; fileRef = F97063821A6C98D700A50A43 /* WebViewController.m */; };
		F976584E1B65E69100ACC050 /* Fantasy Basketball.entitlements in Resources */ = {isa = PBXBuildFile; fileRef = F97658491B65E69100ACC050 /* Fantasy Basketball.entitlements */; };
		F976584F1B65E69100ACC050 /* Info.plist in Resources */ = {isa = PBXBuildFile; fileRef = F976584A1B65E69100ACC050 /* Info.plist */; };
		F97658501B65E69100ACC050 /* MainInterface.storyboard in Resources */ = {isa = PBXBuildFile; fileRef = F976584B1B65E69100ACC050 /* MainInterface.storyboard */; };
		F97658511B65E69100ACC050 /* TodayViewController.m in Sources */ = {isa = PBXBuildFile; fileRef = F976584D1B65E69100ACC050 /* TodayViewController.m */; };
		F9908DFF1AA250F0008DF9D8 /* MatchupPlayerCell.m in Sources */ = {isa = PBXBuildFile; fileRef = F9908DFE1AA250F0008DF9D8 /* MatchupPlayerCell.m */; };
		F9947F6A1B66A44E008F9B70 /* CoreGraphics.framework in Frameworks */ = {isa = PBXBuildFile; fileRef = F9947F691B66A44E008F9B70 /* CoreGraphics.framework */; };
		F9947F6C1B66A456008F9B70 /* UIKit.framework in Frameworks */ = {isa = PBXBuildFile; fileRef = F9947F6B1B66A456008F9B70 /* UIKit.framework */; };
		F9947F6E1B66A45F008F9B70 /* Foundation.framework in Frameworks */ = {isa = PBXBuildFile; fileRef = F9947F6D1B66A45F008F9B70 /* Foundation.framework */; };
		F9D7023C1A9F678000AAEB18 /* PlayerCell.m in Sources */ = {isa = PBXBuildFile; fileRef = F9D7023B1A9F678000AAEB18 /* PlayerCell.m */; };
		F9F8185D1B6ABA0700EE70E7 /* FBPlayer.m in Sources */ = {isa = PBXBuildFile; fileRef = F9F8185A1B6ABA0700EE70E7 /* FBPlayer.m */; };
		F9F8185E1B6ABA0700EE70E7 /* FBSession.m in Sources */ = {isa = PBXBuildFile; fileRef = F9F8185C1B6ABA0700EE70E7 /* FBSession.m */; };
/* End PBXBuildFile section */

/* Begin PBXContainerItemProxy section */
		F96590A51A676DB3005384D1 /* PBXContainerItemProxy */ = {
			isa = PBXContainerItemProxy;
			containerPortal = F96590801A676DB2005384D1 /* Project object */;
			proxyType = 1;
			remoteGlobalIDString = F96590871A676DB2005384D1;
			remoteInfo = FantasyBasketball;
		};
/* End PBXContainerItemProxy section */

/* Begin PBXCopyFilesBuildPhase section */
		F90461F01A6C2A2A008A2C8E /* Embed App Extensions */ = {
			isa = PBXCopyFilesBuildPhase;
			buildActionMask = 2147483647;
			dstPath = "";
			dstSubfolderSpec = 13;
			files = (
			);
			name = "Embed App Extensions";
			runOnlyForDeploymentPostprocessing = 0;
		};
/* End PBXCopyFilesBuildPhase section */

/* Begin PBXFileReference section */
		122CB8A91D2F72D65F0DA429 /* Pods-FantasyBasketball.debug.xcconfig */ = {isa = PBXFileReference; includeInIndex = 1; lastKnownFileType = text.xcconfig; name = "Pods-FantasyBasketball.debug.xcconfig"; path = "Pods/Target Support Files/Pods-FantasyBasketball/Pods-FantasyBasketball.debug.xcconfig"; sourceTree = "<group>"; };
		7A065097D2C2A9E707E3B632 /* Pods-FantasyBasketball.release.xcconfig */ = {isa = PBXFileReference; includeInIndex = 1; lastKnownFileType = text.xcconfig; name = "Pods-FantasyBasketball.release.xcconfig"; path = "Pods/Target Support Files/Pods-FantasyBasketball/Pods-FantasyBasketball.release.xcconfig"; sourceTree = "<group>"; };
		7EB74AB10145C6C0AE2BFA13 /* libPods-FantasyBasketball.a */ = {isa = PBXFileReference; explicitFileType = archive.ar; includeInIndex = 0; path = "libPods-FantasyBasketball.a"; sourceTree = BUILT_PRODUCTS_DIR; };
		F90461E01A6C2A29008A2C8E /* NotificationCenter.framework */ = {isa = PBXFileReference; lastKnownFileType = wrapper.framework; name = NotificationCenter.framework; path = System/Library/Frameworks/NotificationCenter.framework; sourceTree = SDKROOT; };
		F904F3A51B6C665600B7BD37 /* FBViewController.h */ = {isa = PBXFileReference; fileEncoding = 4; lastKnownFileType = sourcecode.c.h; path = FBViewController.h; sourceTree = "<group>"; };
		F904F3A61B6C665600B7BD37 /* FBViewController.m */ = {isa = PBXFileReference; fileEncoding = 4; lastKnownFileType = sourcecode.c.objc; path = FBViewController.m; sourceTree = "<group>"; };
		F904F3A81B6C8E7B00B7BD37 /* MA@2x.png */ = {isa = PBXFileReference; lastKnownFileType = image.png; name = "MA@2x.png"; path = "FantasyBasketball/Images/MA@2x.png"; sourceTree = "<group>"; };
		F904F3A91B6C8E7B00B7BD37 /* MY@2x.png */ = {isa = PBXFileReference; lastKnownFileType = image.png; name = "MY@2x.png"; path = "FantasyBasketball/Images/MY@2x.png"; sourceTree = "<group>"; };
		F904F3AA1B6C8E7B00B7BD37 /* PL@2x.png */ = {isa = PBXFileReference; lastKnownFileType = image.png; name = "PL@2x.png"; path = "FantasyBasketball/Images/PL@2x.png"; sourceTree = "<group>"; };
		F904F3AB1B6C8E7B00B7BD37 /* SE@2x.png */ = {isa = PBXFileReference; lastKnownFileType = image.png; name = "SE@2x.png"; path = "FantasyBasketball/Images/SE@2x.png"; sourceTree = "<group>"; };
		F904F3B01B6C8E8100B7BD37 /* DL@2x.png */ = {isa = PBXFileReference; lastKnownFileType = image.png; name = "DL@2x.png"; path = "FantasyBasketball/Images/DL@2x.png"; sourceTree = "<group>"; };
		F904F3B11B6C8E8100B7BD37 /* GR@2x.png */ = {isa = PBXFileReference; lastKnownFileType = image.png; name = "GR@2x.png"; path = "FantasyBasketball/Images/GR@2x.png"; sourceTree = "<group>"; };
		F918BB141B6D344A00E927C4 /* basketball@2x.png */ = {isa = PBXFileReference; lastKnownFileType = image.png; name = "basketball@2x.png"; path = "FantasyBasketball/Images/basketball@2x.png"; sourceTree = "<group>"; };
		F933F76C1A6B2585009E24D8 /* DailyLeadersViewController.h */ = {isa = PBXFileReference; fileEncoding = 4; lastKnownFileType = sourcecode.c.h; path = DailyLeadersViewController.h; sourceTree = "<group>"; };
		F933F76D1A6B2585009E24D8 /* DailyLeadersViewController.m */ = {isa = PBXFileReference; fileEncoding = 4; lastKnownFileType = sourcecode.c.objc; path = DailyLeadersViewController.m; sourceTree = "<group>"; };
		F933F76F1A6B5414009E24D8 /* MatchupViewController.h */ = {isa = PBXFileReference; fileEncoding = 4; lastKnownFileType = sourcecode.c.h; path = MatchupViewController.h; sourceTree = "<group>"; };
		F933F7701A6B5414009E24D8 /* MatchupViewController.m */ = {isa = PBXFileReference; fileEncoding = 4; lastKnownFileType = sourcecode.c.objc; path = MatchupViewController.m; sourceTree = "<group>"; };
		F954E97C1B65E501000F323F /* TFHpple.h */ = {isa = PBXFileReference; fileEncoding = 4; lastKnownFileType = sourcecode.c.h; name = TFHpple.h; path = "Third Party/Hpple/TFHpple.h"; sourceTree = SOURCE_ROOT; };
		F954E97D1B65E501000F323F /* TFHpple.m */ = {isa = PBXFileReference; fileEncoding = 4; lastKnownFileType = sourcecode.c.objc; name = TFHpple.m; path = "Third Party/Hpple/TFHpple.m"; sourceTree = SOURCE_ROOT; };
		F954E97E1B65E501000F323F /* TFHppleElement.h */ = {isa = PBXFileReference; fileEncoding = 4; lastKnownFileType = sourcecode.c.h; name = TFHppleElement.h; path = "Third Party/Hpple/TFHppleElement.h"; sourceTree = SOURCE_ROOT; };
		F954E97F1B65E501000F323F /* TFHppleElement.m */ = {isa = PBXFileReference; fileEncoding = 4; lastKnownFileType = sourcecode.c.objc; name = TFHppleElement.m; path = "Third Party/Hpple/TFHppleElement.m"; sourceTree = SOURCE_ROOT; };
		F954E9801B65E501000F323F /* XPathQuery.h */ = {isa = PBXFileReference; fileEncoding = 4; lastKnownFileType = sourcecode.c.h; name = XPathQuery.h; path = "Third Party/Hpple/XPathQuery.h"; sourceTree = SOURCE_ROOT; };
		F954E9811B65E501000F323F /* XPathQuery.m */ = {isa = PBXFileReference; fileEncoding = 4; lastKnownFileType = sourcecode.c.objc; name = XPathQuery.m; path = "Third Party/Hpple/XPathQuery.m"; sourceTree = SOURCE_ROOT; };
		F954E9861B65E52C000F323F /* BEMAverageLine.h */ = {isa = PBXFileReference; fileEncoding = 4; lastKnownFileType = sourcecode.c.h; name = BEMAverageLine.h; path = "Third Party/BEMSimpleLineGraph/BEMAverageLine.h"; sourceTree = SOURCE_ROOT; };
		F954E9871B65E52C000F323F /* BEMAverageLine.m */ = {isa = PBXFileReference; fileEncoding = 4; lastKnownFileType = sourcecode.c.objc; name = BEMAverageLine.m; path = "Third Party/BEMSimpleLineGraph/BEMAverageLine.m"; sourceTree = SOURCE_ROOT; };
		F954E9881B65E52C000F323F /* BEMCircle.h */ = {isa = PBXFileReference; fileEncoding = 4; lastKnownFileType = sourcecode.c.h; name = BEMCircle.h; path = "Third Party/BEMSimpleLineGraph/BEMCircle.h"; sourceTree = SOURCE_ROOT; };
		F954E9891B65E52C000F323F /* BEMCircle.m */ = {isa = PBXFileReference; fileEncoding = 4; lastKnownFileType = sourcecode.c.objc; name = BEMCircle.m; path = "Third Party/BEMSimpleLineGraph/BEMCircle.m"; sourceTree = SOURCE_ROOT; };
		F954E98A1B65E52C000F323F /* BEMLine.h */ = {isa = PBXFileReference; fileEncoding = 4; lastKnownFileType = sourcecode.c.h; name = BEMLine.h; path = "Third Party/BEMSimpleLineGraph/BEMLine.h"; sourceTree = SOURCE_ROOT; };
		F954E98B1B65E52C000F323F /* BEMLine.m */ = {isa = PBXFileReference; fileEncoding = 4; lastKnownFileType = sourcecode.c.objc; name = BEMLine.m; path = "Third Party/BEMSimpleLineGraph/BEMLine.m"; sourceTree = SOURCE_ROOT; };
		F954E98C1B65E52C000F323F /* BEMPermanentPopupView.h */ = {isa = PBXFileReference; fileEncoding = 4; lastKnownFileType = sourcecode.c.h; name = BEMPermanentPopupView.h; path = "Third Party/BEMSimpleLineGraph/BEMPermanentPopupView.h"; sourceTree = SOURCE_ROOT; };
		F954E98D1B65E52C000F323F /* BEMPermanentPopupView.m */ = {isa = PBXFileReference; fileEncoding = 4; lastKnownFileType = sourcecode.c.objc; name = BEMPermanentPopupView.m; path = "Third Party/BEMSimpleLineGraph/BEMPermanentPopupView.m"; sourceTree = SOURCE_ROOT; };
		F954E98E1B65E52C000F323F /* BEMSimpleLineGraphView.h */ = {isa = PBXFileReference; fileEncoding = 4; lastKnownFileType = sourcecode.c.h; name = BEMSimpleLineGraphView.h; path = "Third Party/BEMSimpleLineGraph/BEMSimpleLineGraphView.h"; sourceTree = SOURCE_ROOT; };
		F954E98F1B65E52C000F323F /* BEMSimpleLineGraphView.m */ = {isa = PBXFileReference; fileEncoding = 4; lastKnownFileType = sourcecode.c.objc; name = BEMSimpleLineGraphView.m; path = "Third Party/BEMSimpleLineGraph/BEMSimpleLineGraphView.m"; sourceTree = SOURCE_ROOT; };
		F9573F341B6BF3AA00AE4872 /* QuartzCore.framework */ = {isa = PBXFileReference; lastKnownFileType = wrapper.framework; name = QuartzCore.framework; path = System/Library/Frameworks/QuartzCore.framework; sourceTree = SDKROOT; };
		F95F53D11B6BFE5300CFF253 /* StadiumBlur.jpg */ = {isa = PBXFileReference; lastKnownFileType = image.jpeg; name = StadiumBlur.jpg; path = FantasyBasketball/Images/StadiumBlur.jpg; sourceTree = "<group>"; };
		F95F53D31B6BFECA00CFF253 /* LeftSideMenuViewController.h */ = {isa = PBXFileReference; fileEncoding = 4; lastKnownFileType = sourcecode.c.h; path = LeftSideMenuViewController.h; sourceTree = "<group>"; };
		F95F53D41B6BFECA00CFF253 /* LeftSideMenuViewController.m */ = {isa = PBXFileReference; fileEncoding = 4; lastKnownFileType = sourcecode.c.objc; path = LeftSideMenuViewController.m; sourceTree = "<group>"; };
		F95F53DE1B6C0FDE00CFF253 /* SettingsViewController.h */ = {isa = PBXFileReference; fileEncoding = 4; lastKnownFileType = sourcecode.c.h; path = SettingsViewController.h; sourceTree = "<group>"; };
		F95F53DF1B6C0FDE00CFF253 /* SettingsViewController.m */ = {isa = PBXFileReference; fileEncoding = 4; lastKnownFileType = sourcecode.c.objc; path = SettingsViewController.m; sourceTree = "<group>"; };
		F96590881A676DB2005384D1 /* FantasyBasketball.app */ = {isa = PBXFileReference; explicitFileType = wrapper.application; includeInIndex = 0; path = FantasyBasketball.app; sourceTree = BUILT_PRODUCTS_DIR; };
		F965908C1A676DB2005384D1 /* Info.plist */ = {isa = PBXFileReference; lastKnownFileType = text.plist.xml; path = Info.plist; sourceTree = "<group>"; };
		F965908D1A676DB2005384D1 /* main.m */ = {isa = PBXFileReference; lastKnownFileType = sourcecode.c.objc; path = main.m; sourceTree = "<group>"; };
		F965908F1A676DB2005384D1 /* AppDelegate.h */ = {isa = PBXFileReference; lastKnownFileType = sourcecode.c.h; path = AppDelegate.h; sourceTree = "<group>"; };
		F96590901A676DB2005384D1 /* AppDelegate.m */ = {isa = PBXFileReference; lastKnownFileType = sourcecode.c.objc; path = AppDelegate.m; sourceTree = "<group>"; };
		F96590991A676DB3005384D1 /* Base */ = {isa = PBXFileReference; lastKnownFileType = file.storyboard; name = Base; path = Base.lproj/Main.storyboard; sourceTree = "<group>"; };
		F965909B1A676DB3005384D1 /* Images.xcassets */ = {isa = PBXFileReference; lastKnownFileType = folder.assetcatalog; path = Images.xcassets; sourceTree = "<group>"; };
		F965909E1A676DB3005384D1 /* Base */ = {isa = PBXFileReference; lastKnownFileType = file.xib; name = Base; path = Base.lproj/LaunchScreen.xib; sourceTree = "<group>"; };
		F96590A41A676DB3005384D1 /* FantasyBasketballTests.xctest */ = {isa = PBXFileReference; explicitFileType = wrapper.cfbundle; includeInIndex = 0; path = FantasyBasketballTests.xctest; sourceTree = BUILT_PRODUCTS_DIR; };
		F96590A91A676DB3005384D1 /* Info.plist */ = {isa = PBXFileReference; lastKnownFileType = text.plist.xml; path = Info.plist; sourceTree = "<group>"; };
		F96590AA1A676DB3005384D1 /* FantasyBasketballTests.m */ = {isa = PBXFileReference; lastKnownFileType = sourcecode.c.objc; path = FantasyBasketballTests.m; sourceTree = "<group>"; };
		F96590B41A6773E8005384D1 /* MyTeamViewController.h */ = {isa = PBXFileReference; fileEncoding = 4; lastKnownFileType = sourcecode.c.h; path = MyTeamViewController.h; sourceTree = "<group>"; };
		F96590B51A6773E8005384D1 /* MyTeamViewController.m */ = {isa = PBXFileReference; fileEncoding = 4; lastKnownFileType = sourcecode.c.objc; path = MyTeamViewController.m; sourceTree = "<group>"; };
		F96590B71A677441005384D1 /* PlayersViewController.h */ = {isa = PBXFileReference; fileEncoding = 4; lastKnownFileType = sourcecode.c.h; path = PlayersViewController.h; sourceTree = "<group>"; };
		F96590B81A677441005384D1 /* PlayersViewController.m */ = {isa = PBXFileReference; fileEncoding = 4; lastKnownFileType = sourcecode.c.objc; path = PlayersViewController.m; sourceTree = "<group>"; };
		F96590CA1A67872E005384D1 /* libxml2.dylib */ = {isa = PBXFileReference; lastKnownFileType = "compiled.mach-o.dylib"; name = libxml2.dylib; path = usr/lib/libxml2.dylib; sourceTree = SDKROOT; };
		F96DAF421B6C2F2B00648CCF /* FBPickerView.h */ = {isa = PBXFileReference; fileEncoding = 4; lastKnownFileType = sourcecode.c.h; name = FBPickerView.h; path = FantasyBasketball/FBPickerView.h; sourceTree = "<group>"; };
		F96DAF431B6C2F2B00648CCF /* FBPickerView.m */ = {isa = PBXFileReference; fileEncoding = 4; lastKnownFileType = sourcecode.c.objc; name = FBPickerView.m; path = FantasyBasketball/FBPickerView.m; sourceTree = "<group>"; };
		F96DAF451B6C2F5200648CCF /* FBPickerView.xib */ = {isa = PBXFileReference; fileEncoding = 4; lastKnownFileType = file.xib; name = FBPickerView.xib; path = FantasyBasketball/FBPickerView.xib; sourceTree = "<group>"; };
		F970637E1A6C98B800A50A43 /* PlayerViewController.h */ = {isa = PBXFileReference; fileEncoding = 4; lastKnownFileType = sourcecode.c.h; path = PlayerViewController.h; sourceTree = "<group>"; };
		F970637F1A6C98B800A50A43 /* PlayerViewController.m */ = {isa = PBXFileReference; fileEncoding = 4; lastKnownFileType = sourcecode.c.objc; path = PlayerViewController.m; sourceTree = "<group>"; };
		F97063811A6C98D600A50A43 /* WebViewController.h */ = {isa = PBXFileReference; fileEncoding = 4; lastKnownFileType = sourcecode.c.h; path = WebViewController.h; sourceTree = "<group>"; };
		F97063821A6C98D700A50A43 /* WebViewController.m */ = {isa = PBXFileReference; fileEncoding = 4; lastKnownFileType = sourcecode.c.objc; path = WebViewController.m; sourceTree = "<group>"; };
		F97658491B65E69100ACC050 /* Fantasy Basketball.entitlements */ = {isa = PBXFileReference; fileEncoding = 4; lastKnownFileType = text.xml; name = "Fantasy Basketball.entitlements"; path = "FB - Widget/Fantasy Basketball.entitlements"; sourceTree = SOURCE_ROOT; };
		F976584A1B65E69100ACC050 /* Info.plist */ = {isa = PBXFileReference; fileEncoding = 4; lastKnownFileType = text.plist.xml; name = Info.plist; path = "FB - Widget/Info.plist"; sourceTree = SOURCE_ROOT; };
		F976584B1B65E69100ACC050 /* MainInterface.storyboard */ = {isa = PBXFileReference; fileEncoding = 4; lastKnownFileType = file.storyboard; name = MainInterface.storyboard; path = "FB - Widget/MainInterface.storyboard"; sourceTree = SOURCE_ROOT; };
		F976584C1B65E69100ACC050 /* TodayViewController.h */ = {isa = PBXFileReference; fileEncoding = 4; lastKnownFileType = sourcecode.c.h; name = TodayViewController.h; path = "FB - Widget/TodayViewController.h"; sourceTree = SOURCE_ROOT; };
		F976584D1B65E69100ACC050 /* TodayViewController.m */ = {isa = PBXFileReference; fileEncoding = 4; lastKnownFileType = sourcecode.c.objc; name = TodayViewController.m; path = "FB - Widget/TodayViewController.m"; sourceTree = SOURCE_ROOT; };
		F9908DFD1AA250F0008DF9D8 /* MatchupPlayerCell.h */ = {isa = PBXFileReference; fileEncoding = 4; lastKnownFileType = sourcecode.c.h; name = MatchupPlayerCell.h; path = FantasyBasketball/MatchupPlayerCell.h; sourceTree = "<group>"; };
		F9908DFE1AA250F0008DF9D8 /* MatchupPlayerCell.m */ = {isa = PBXFileReference; fileEncoding = 4; lastKnownFileType = sourcecode.c.objc; name = MatchupPlayerCell.m; path = FantasyBasketball/MatchupPlayerCell.m; sourceTree = "<group>"; };
		F9947F691B66A44E008F9B70 /* CoreGraphics.framework */ = {isa = PBXFileReference; lastKnownFileType = wrapper.framework; name = CoreGraphics.framework; path = System/Library/Frameworks/CoreGraphics.framework; sourceTree = SDKROOT; };
		F9947F6B1B66A456008F9B70 /* UIKit.framework */ = {isa = PBXFileReference; lastKnownFileType = wrapper.framework; name = UIKit.framework; path = System/Library/Frameworks/UIKit.framework; sourceTree = SDKROOT; };
		F9947F6D1B66A45F008F9B70 /* Foundation.framework */ = {isa = PBXFileReference; lastKnownFileType = wrapper.framework; name = Foundation.framework; path = System/Library/Frameworks/Foundation.framework; sourceTree = SDKROOT; };
		F9D7023A1A9F678000AAEB18 /* PlayerCell.h */ = {isa = PBXFileReference; fileEncoding = 4; lastKnownFileType = sourcecode.c.h; name = PlayerCell.h; path = FantasyBasketball/PlayerCell.h; sourceTree = "<group>"; };
		F9D7023B1A9F678000AAEB18 /* PlayerCell.m */ = {isa = PBXFileReference; fileEncoding = 4; lastKnownFileType = sourcecode.c.objc; name = PlayerCell.m; path = FantasyBasketball/PlayerCell.m; sourceTree = "<group>"; };
		F9DB2EF11B66A25E00B7AC82 /* FanstasyBaskeyballPrefixHeader.pch */ = {isa = PBXFileReference; lastKnownFileType = sourcecode.c.h; path = FanstasyBaskeyballPrefixHeader.pch; sourceTree = "<group>"; };
		F9F818591B6ABA0700EE70E7 /* FBPlayer.h */ = {isa = PBXFileReference; fileEncoding = 4; lastKnownFileType = sourcecode.c.h; name = FBPlayer.h; path = Classes/FBPlayer.h; sourceTree = "<group>"; };
		F9F8185A1B6ABA0700EE70E7 /* FBPlayer.m */ = {isa = PBXFileReference; fileEncoding = 4; lastKnownFileType = sourcecode.c.objc; name = FBPlayer.m; path = Classes/FBPlayer.m; sourceTree = "<group>"; };
		F9F8185B1B6ABA0700EE70E7 /* FBSession.h */ = {isa = PBXFileReference; fileEncoding = 4; lastKnownFileType = sourcecode.c.h; name = FBSession.h; path = Classes/FBSession.h; sourceTree = "<group>"; };
		F9F8185C1B6ABA0700EE70E7 /* FBSession.m */ = {isa = PBXFileReference; fileEncoding = 4; lastKnownFileType = sourcecode.c.objc; name = FBSession.m; path = Classes/FBSession.m; sourceTree = "<group>"; };
/* End PBXFileReference section */

/* Begin PBXFrameworksBuildPhase section */
		F96590851A676DB2005384D1 /* Frameworks */ = {
			isa = PBXFrameworksBuildPhase;
			buildActionMask = 2147483647;
			files = (
				F9573F351B6BF3AA00AE4872 /* QuartzCore.framework in Frameworks */,
				F9947F6E1B66A45F008F9B70 /* Foundation.framework in Frameworks */,
				F9947F6C1B66A456008F9B70 /* UIKit.framework in Frameworks */,
				F9947F6A1B66A44E008F9B70 /* CoreGraphics.framework in Frameworks */,
				F96590CB1A67872E005384D1 /* libxml2.dylib in Frameworks */,
				62F83CE2C126DEFEF597543B /* libPods-FantasyBasketball.a in Frameworks */,
			);
			runOnlyForDeploymentPostprocessing = 0;
		};
		F96590A11A676DB3005384D1 /* Frameworks */ = {
			isa = PBXFrameworksBuildPhase;
			buildActionMask = 2147483647;
			files = (
			);
			runOnlyForDeploymentPostprocessing = 0;
		};
/* End PBXFrameworksBuildPhase section */

/* Begin PBXGroup section */
		2416B10074ECEB10A4B6055A /* Pods */ = {
			isa = PBXGroup;
			children = (
				122CB8A91D2F72D65F0DA429 /* Pods-FantasyBasketball.debug.xcconfig */,
				7A065097D2C2A9E707E3B632 /* Pods-FantasyBasketball.release.xcconfig */,
			);
			name = Pods;
			sourceTree = "<group>";
		};
		F90461DF1A6C2A29008A2C8E /* Frameworks */ = {
			isa = PBXGroup;
			children = (
				F9573F341B6BF3AA00AE4872 /* QuartzCore.framework */,
				F9947F6D1B66A45F008F9B70 /* Foundation.framework */,
				F9947F6B1B66A456008F9B70 /* UIKit.framework */,
				F9947F691B66A44E008F9B70 /* CoreGraphics.framework */,
				F90461E01A6C2A29008A2C8E /* NotificationCenter.framework */,
				7EB74AB10145C6C0AE2BFA13 /* libPods-FantasyBasketball.a */,
			);
			name = Frameworks;
			sourceTree = "<group>";
		};
		F90461E21A6C2A2A008A2C8E /* FB - Widget */ = {
			isa = PBXGroup;
			children = (
				F97658491B65E69100ACC050 /* Fantasy Basketball.entitlements */,
				F976584A1B65E69100ACC050 /* Info.plist */,
				F976584B1B65E69100ACC050 /* MainInterface.storyboard */,
				F976584C1B65E69100ACC050 /* TodayViewController.h */,
				F976584D1B65E69100ACC050 /* TodayViewController.m */,
			);
			name = "FB - Widget";
			path = "Fantasy Basketball";
			sourceTree = "<group>";
		};
		F904F3B41B6C8FA600B7BD37 /* Left Menu */ = {
			isa = PBXGroup;
			children = (
				F95F53D31B6BFECA00CFF253 /* LeftSideMenuViewController.h */,
				F95F53D41B6BFECA00CFF253 /* LeftSideMenuViewController.m */,
			);
			name = "Left Menu";
			sourceTree = "<group>";
		};
		F954E9851B65E507000F323F /* BEMLineGraph */ = {
			isa = PBXGroup;
			children = (
				F954E9861B65E52C000F323F /* BEMAverageLine.h */,
				F954E9871B65E52C000F323F /* BEMAverageLine.m */,
				F954E9881B65E52C000F323F /* BEMCircle.h */,
				F954E9891B65E52C000F323F /* BEMCircle.m */,
				F954E98A1B65E52C000F323F /* BEMLine.h */,
				F954E98B1B65E52C000F323F /* BEMLine.m */,
				F954E98C1B65E52C000F323F /* BEMPermanentPopupView.h */,
				F954E98D1B65E52C000F323F /* BEMPermanentPopupView.m */,
				F954E98E1B65E52C000F323F /* BEMSimpleLineGraphView.h */,
				F954E98F1B65E52C000F323F /* BEMSimpleLineGraphView.m */,
			);
			name = BEMLineGraph;
			path = FantasyBasketball;
			sourceTree = "<group>";
		};
		F965907F1A676DB2005384D1 = {
			isa = PBXGroup;
			children = (
				F9E4AE251B655150006CFDE4 /* Classes */,
				F965908A1A676DB2005384D1 /* FantasyBasketball */,
				F9E4AE261B65515A006CFDE4 /* Third Party */,
				F90461E21A6C2A2A008A2C8E /* FB - Widget */,
				F9908E021AA26365008DF9D8 /* Images */,
				F96590A71A676DB3005384D1 /* FantasyBasketballTests */,
				F90461DF1A6C2A29008A2C8E /* Frameworks */,
				F96590891A676DB2005384D1 /* Products */,
				2416B10074ECEB10A4B6055A /* Pods */,
			);
			sourceTree = "<group>";
		};
		F96590891A676DB2005384D1 /* Products */ = {
			isa = PBXGroup;
			children = (
				F96590881A676DB2005384D1 /* FantasyBasketball.app */,
				F96590A41A676DB3005384D1 /* FantasyBasketballTests.xctest */,
			);
			name = Products;
			sourceTree = "<group>";
		};
		F965908A1A676DB2005384D1 /* FantasyBasketball */ = {
			isa = PBXGroup;
			children = (
				F97303DC1B655A8C00193A1D /* View Controllers */,
				F96590981A676DB3005384D1 /* Main.storyboard */,
				F965908F1A676DB2005384D1 /* AppDelegate.h */,
				F96590901A676DB2005384D1 /* AppDelegate.m */,
				F965909B1A676DB3005384D1 /* Images.xcassets */,
				F965909D1A676DB3005384D1 /* LaunchScreen.xib */,
				F965908B1A676DB2005384D1 /* Supporting Files */,
			);
			path = FantasyBasketball;
			sourceTree = "<group>";
		};
		F965908B1A676DB2005384D1 /* Supporting Files */ = {
			isa = PBXGroup;
			children = (
				F9DB2EF11B66A25E00B7AC82 /* FanstasyBaskeyballPrefixHeader.pch */,
				F965908C1A676DB2005384D1 /* Info.plist */,
				F965908D1A676DB2005384D1 /* main.m */,
			);
			name = "Supporting Files";
			sourceTree = "<group>";
		};
		F96590A71A676DB3005384D1 /* FantasyBasketballTests */ = {
			isa = PBXGroup;
			children = (
				F96590AA1A676DB3005384D1 /* FantasyBasketballTests.m */,
				F96590A81A676DB3005384D1 /* Supporting Files */,
			);
			path = FantasyBasketballTests;
			sourceTree = "<group>";
		};
		F96590A81A676DB3005384D1 /* Supporting Files */ = {
			isa = PBXGroup;
			children = (
				F96590A91A676DB3005384D1 /* Info.plist */,
			);
			name = "Supporting Files";
			sourceTree = "<group>";
		};
		F96590C01A6785F0005384D1 /* hpple */ = {
			isa = PBXGroup;
			children = (
				F96590CA1A67872E005384D1 /* libxml2.dylib */,
				F954E97C1B65E501000F323F /* TFHpple.h */,
				F954E97D1B65E501000F323F /* TFHpple.m */,
				F954E97E1B65E501000F323F /* TFHppleElement.h */,
				F954E97F1B65E501000F323F /* TFHppleElement.m */,
				F954E9801B65E501000F323F /* XPathQuery.h */,
				F954E9811B65E501000F323F /* XPathQuery.m */,
			);
			name = hpple;
			path = FantasyBasketball;
			sourceTree = "<group>";
		};
		F97303DC1B655A8C00193A1D /* View Controllers */ = {
			isa = PBXGroup;
			children = (
				F904F3A51B6C665600B7BD37 /* FBViewController.h */,
				F904F3A61B6C665600B7BD37 /* FBViewController.m */,
				F97303E11B655ACD00193A1D /* Settings */,
				F97303DD1B655AA500193A1D /* Matchup */,
				F97303DE1B655AAE00193A1D /* My Team */,
				F97303DF1B655AB800193A1D /* Players */,
				F97303E01B655AC300193A1D /* Daily Leaders */,
				F97303E21B655AD300193A1D /* Individual Player */,
				F97303E31B655ADC00193A1D /* Wep Page */,
				F904F3B41B6C8FA600B7BD37 /* Left Menu */,
			);
			name = "View Controllers";
			sourceTree = "<group>";
		};
		F97303DD1B655AA500193A1D /* Matchup */ = {
			isa = PBXGroup;
			children = (
				F933F76F1A6B5414009E24D8 /* MatchupViewController.h */,
				F933F7701A6B5414009E24D8 /* MatchupViewController.m */,
			);
			name = Matchup;
			sourceTree = "<group>";
		};
		F97303DE1B655AAE00193A1D /* My Team */ = {
			isa = PBXGroup;
			children = (
				F96590B41A6773E8005384D1 /* MyTeamViewController.h */,
				F96590B51A6773E8005384D1 /* MyTeamViewController.m */,
			);
			name = "My Team";
			sourceTree = "<group>";
		};
		F97303DF1B655AB800193A1D /* Players */ = {
			isa = PBXGroup;
			children = (
				F96590B71A677441005384D1 /* PlayersViewController.h */,
				F96590B81A677441005384D1 /* PlayersViewController.m */,
			);
			name = Players;
			sourceTree = "<group>";
		};
		F97303E01B655AC300193A1D /* Daily Leaders */ = {
			isa = PBXGroup;
			children = (
				F933F76C1A6B2585009E24D8 /* DailyLeadersViewController.h */,
				F933F76D1A6B2585009E24D8 /* DailyLeadersViewController.m */,
			);
			name = "Daily Leaders";
			sourceTree = "<group>";
		};
		F97303E11B655ACD00193A1D /* Settings */ = {
			isa = PBXGroup;
			children = (
				F95F53DE1B6C0FDE00CFF253 /* SettingsViewController.h */,
				F95F53DF1B6C0FDE00CFF253 /* SettingsViewController.m */,
			);
			name = Settings;
			sourceTree = "<group>";
		};
		F97303E21B655AD300193A1D /* Individual Player */ = {
			isa = PBXGroup;
			children = (
				F970637E1A6C98B800A50A43 /* PlayerViewController.h */,
				F970637F1A6C98B800A50A43 /* PlayerViewController.m */,
			);
			name = "Individual Player";
			sourceTree = "<group>";
		};
		F97303E31B655ADC00193A1D /* Wep Page */ = {
			isa = PBXGroup;
			children = (
				F97063811A6C98D600A50A43 /* WebViewController.h */,
				F97063821A6C98D700A50A43 /* WebViewController.m */,
			);
			name = "Wep Page";
			sourceTree = "<group>";
		};
		F9908E021AA26365008DF9D8 /* Images */ = {
			isa = PBXGroup;
			children = (
				F904F3B01B6C8E8100B7BD37 /* DL@2x.png */,
				F904F3B11B6C8E8100B7BD37 /* GR@2x.png */,
				F904F3A81B6C8E7B00B7BD37 /* MA@2x.png */,
				F904F3A91B6C8E7B00B7BD37 /* MY@2x.png */,
				F904F3AA1B6C8E7B00B7BD37 /* PL@2x.png */,
				F904F3AB1B6C8E7B00B7BD37 /* SE@2x.png */,
				F918BB141B6D344A00E927C4 /* basketball@2x.png */,
				F95F53D11B6BFE5300CFF253 /* StadiumBlur.jpg */,
			);
			name = Images;
			sourceTree = "<group>";
		};
		F9E4AE231B655101006CFDE4 /* User Interface */ = {
			isa = PBXGroup;
			children = (
				F9D7023A1A9F678000AAEB18 /* PlayerCell.h */,
				F9D7023B1A9F678000AAEB18 /* PlayerCell.m */,
				F9908DFD1AA250F0008DF9D8 /* MatchupPlayerCell.h */,
				F9908DFE1AA250F0008DF9D8 /* MatchupPlayerCell.m */,
				F96DAF421B6C2F2B00648CCF /* FBPickerView.h */,
				F96DAF431B6C2F2B00648CCF /* FBPickerView.m */,
				F96DAF451B6C2F5200648CCF /* FBPickerView.xib */,
			);
			name = "User Interface";
			sourceTree = "<group>";
		};
		F9E4AE241B655122006CFDE4 /* Models */ = {
			isa = PBXGroup;
			children = (
				F9F818591B6ABA0700EE70E7 /* FBPlayer.h */,
				F9F8185A1B6ABA0700EE70E7 /* FBPlayer.m */,
				F9F8185B1B6ABA0700EE70E7 /* FBSession.h */,
				F9F8185C1B6ABA0700EE70E7 /* FBSession.m */,
			);
			name = Models;
			sourceTree = "<group>";
		};
		F9E4AE251B655150006CFDE4 /* Classes */ = {
			isa = PBXGroup;
			children = (
				F9E4AE241B655122006CFDE4 /* Models */,
				F9E4AE231B655101006CFDE4 /* User Interface */,
			);
			name = Classes;
			sourceTree = "<group>";
		};
		F9E4AE261B65515A006CFDE4 /* Third Party */ = {
			isa = PBXGroup;
			children = (
				F96590C01A6785F0005384D1 /* hpple */,
				F954E9851B65E507000F323F /* BEMLineGraph */,
			);
			name = "Third Party";
			sourceTree = "<group>";
		};
/* End PBXGroup section */

/* Begin PBXNativeTarget section */
		F96590871A676DB2005384D1 /* FantasyBasketball */ = {
			isa = PBXNativeTarget;
			buildConfigurationList = F96590AE1A676DB3005384D1 /* Build configuration list for PBXNativeTarget "FantasyBasketball" */;
			buildPhases = (
				04ED10DE5FC832CF4675A9BE /* Check Pods Manifest.lock */,
				F96590841A676DB2005384D1 /* Sources */,
				F96590851A676DB2005384D1 /* Frameworks */,
				F96590861A676DB2005384D1 /* Resources */,
				F90461F01A6C2A2A008A2C8E /* Embed App Extensions */,
				993FB9C4574F915447329B5C /* Copy Pods Resources */,
				F4F18DA0C9BD944DEF6F6AEE /* Embed Pods Frameworks */,
			);
			buildRules = (
			);
			dependencies = (
			);
			name = FantasyBasketball;
			productName = FantasyBasketball;
			productReference = F96590881A676DB2005384D1 /* FantasyBasketball.app */;
			productType = "com.apple.product-type.application";
		};
		F96590A31A676DB3005384D1 /* FantasyBasketballTests */ = {
			isa = PBXNativeTarget;
			buildConfigurationList = F96590B11A676DB3005384D1 /* Build configuration list for PBXNativeTarget "FantasyBasketballTests" */;
			buildPhases = (
				F96590A01A676DB3005384D1 /* Sources */,
				F96590A11A676DB3005384D1 /* Frameworks */,
				F96590A21A676DB3005384D1 /* Resources */,
			);
			buildRules = (
			);
			dependencies = (
				F96590A61A676DB3005384D1 /* PBXTargetDependency */,
			);
			name = FantasyBasketballTests;
			productName = FantasyBasketballTests;
			productReference = F96590A41A676DB3005384D1 /* FantasyBasketballTests.xctest */;
			productType = "com.apple.product-type.bundle.unit-test";
		};
/* End PBXNativeTarget section */

/* Begin PBXProject section */
		F96590801A676DB2005384D1 /* Project object */ = {
			isa = PBXProject;
			attributes = {
				LastUpgradeCheck = 0700;
				ORGANIZATIONNAME = CD;
				TargetAttributes = {
					F96590871A676DB2005384D1 = {
						CreatedOnToolsVersion = 6.1.1;
						DevelopmentTeam = AE4TCQ8Z49;
					};
					F96590A31A676DB3005384D1 = {
						CreatedOnToolsVersion = 6.1.1;
						TestTargetID = F96590871A676DB2005384D1;
					};
				};
			};
			buildConfigurationList = F96590831A676DB2005384D1 /* Build configuration list for PBXProject "FantasyBasketball" */;
			compatibilityVersion = "Xcode 3.2";
			developmentRegion = English;
			hasScannedForEncodings = 0;
			knownRegions = (
				en,
				Base,
			);
			mainGroup = F965907F1A676DB2005384D1;
			productRefGroup = F96590891A676DB2005384D1 /* Products */;
			projectDirPath = "";
			projectRoot = "";
			targets = (
				F96590871A676DB2005384D1 /* FantasyBasketball */,
				F96590A31A676DB3005384D1 /* FantasyBasketballTests */,
			);
		};
/* End PBXProject section */

/* Begin PBXResourcesBuildPhase section */
		F96590861A676DB2005384D1 /* Resources */ = {
			isa = PBXResourcesBuildPhase;
			buildActionMask = 2147483647;
			files = (
				F904F3B21B6C8E8100B7BD37 /* DL@2x.png in Resources */,
				F965909A1A676DB3005384D1 /* Main.storyboard in Resources */,
				F96DAF461B6C2F5200648CCF /* FBPickerView.xib in Resources */,
				F904F3B31B6C8E8100B7BD37 /* GR@2x.png in Resources */,
				F95F53D21B6BFE5300CFF253 /* StadiumBlur.jpg in Resources */,
				F976584E1B65E69100ACC050 /* Fantasy Basketball.entitlements in Resources */,
				F97658501B65E69100ACC050 /* MainInterface.storyboard in Resources */,
				F904F3AC1B6C8E7B00B7BD37 /* MA@2x.png in Resources */,
				F904F3AF1B6C8E7B00B7BD37 /* SE@2x.png in Resources */,
				F904F3AD1B6C8E7B00B7BD37 /* MY@2x.png in Resources */,
				F904F3AE1B6C8E7B00B7BD37 /* PL@2x.png in Resources */,
				F965909F1A676DB3005384D1 /* LaunchScreen.xib in Resources */,
				F918BB151B6D344A00E927C4 /* basketball@2x.png in Resources */,
				F976584F1B65E69100ACC050 /* Info.plist in Resources */,
				F965909C1A676DB3005384D1 /* Images.xcassets in Resources */,
			);
			runOnlyForDeploymentPostprocessing = 0;
		};
		F96590A21A676DB3005384D1 /* Resources */ = {
			isa = PBXResourcesBuildPhase;
			buildActionMask = 2147483647;
			files = (
			);
			runOnlyForDeploymentPostprocessing = 0;
		};
/* End PBXResourcesBuildPhase section */

/* Begin PBXShellScriptBuildPhase section */
		04ED10DE5FC832CF4675A9BE /* Check Pods Manifest.lock */ = {
			isa = PBXShellScriptBuildPhase;
			buildActionMask = 2147483647;
			files = (
			);
			inputPaths = (
			);
			name = "Check Pods Manifest.lock";
			outputPaths = (
			);
			runOnlyForDeploymentPostprocessing = 0;
			shellPath = /bin/sh;
			shellScript = "diff \"${PODS_ROOT}/../Podfile.lock\" \"${PODS_ROOT}/Manifest.lock\" > /dev/null\nif [[ $? != 0 ]] ; then\n    cat << EOM\nerror: The sandbox is not in sync with the Podfile.lock. Run 'pod install' or update your CocoaPods installation.\nEOM\n    exit 1\nfi\n";
			showEnvVarsInLog = 0;
		};
		993FB9C4574F915447329B5C /* Copy Pods Resources */ = {
			isa = PBXShellScriptBuildPhase;
			buildActionMask = 2147483647;
			files = (
			);
			inputPaths = (
			);
			name = "Copy Pods Resources";
			outputPaths = (
			);
			runOnlyForDeploymentPostprocessing = 0;
			shellPath = /bin/sh;
			shellScript = "\"${SRCROOT}/Pods/Target Support Files/Pods-FantasyBasketball/Pods-FantasyBasketball-resources.sh\"\n";
			showEnvVarsInLog = 0;
		};
		F4F18DA0C9BD944DEF6F6AEE /* Embed Pods Frameworks */ = {
			isa = PBXShellScriptBuildPhase;
			buildActionMask = 2147483647;
			files = (
			);
			inputPaths = (
			);
			name = "Embed Pods Frameworks";
			outputPaths = (
			);
			runOnlyForDeploymentPostprocessing = 0;
			shellPath = /bin/sh;
			shellScript = "\"${SRCROOT}/Pods/Target Support Files/Pods-FantasyBasketball/Pods-FantasyBasketball-frameworks.sh\"\n";
			showEnvVarsInLog = 0;
		};
/* End PBXShellScriptBuildPhase section */

/* Begin PBXSourcesBuildPhase section */
		F96590841A676DB2005384D1 /* Sources */ = {
			isa = PBXSourcesBuildPhase;
			buildActionMask = 2147483647;
			files = (
				F96590911A676DB2005384D1 /* AppDelegate.m in Sources */,
				F97063831A6C98D700A50A43 /* WebViewController.m in Sources */,
				F954E9841B65E501000F323F /* XPathQuery.m in Sources */,
				F954E9931B65E52C000F323F /* BEMPermanentPopupView.m in Sources */,
				F96590B91A677441005384D1 /* PlayersViewController.m in Sources */,
				F9F8185D1B6ABA0700EE70E7 /* FBPlayer.m in Sources */,
				F954E9821B65E501000F323F /* TFHpple.m in Sources */,
				F933F7711A6B5414009E24D8 /* MatchupViewController.m in Sources */,
				F96DAF441B6C2F2B00648CCF /* FBPickerView.m in Sources */,
				F933F76E1A6B2585009E24D8 /* DailyLeadersViewController.m in Sources */,
				F97063801A6C98B800A50A43 /* PlayerViewController.m in Sources */,
				F954E9911B65E52C000F323F /* BEMCircle.m in Sources */,
				F9D7023C1A9F678000AAEB18 /* PlayerCell.m in Sources */,
				F9F8185E1B6ABA0700EE70E7 /* FBSession.m in Sources */,
				F954E9831B65E501000F323F /* TFHppleElement.m in Sources */,
				F96590B61A6773E8005384D1 /* MyTeamViewController.m in Sources */,
				F97658511B65E69100ACC050 /* TodayViewController.m in Sources */,
				F904F3A71B6C665600B7BD37 /* FBViewController.m in Sources */,
				F954E9941B65E52C000F323F /* BEMSimpleLineGraphView.m in Sources */,
				F95F53D51B6BFECA00CFF253 /* LeftSideMenuViewController.m in Sources */,
				F965908E1A676DB2005384D1 /* main.m in Sources */,
				F954E9901B65E52C000F323F /* BEMAverageLine.m in Sources */,
				F95F53E01B6C0FDE00CFF253 /* SettingsViewController.m in Sources */,
				F9908DFF1AA250F0008DF9D8 /* MatchupPlayerCell.m in Sources */,
				F954E9921B65E52C000F323F /* BEMLine.m in Sources */,
			);
			runOnlyForDeploymentPostprocessing = 0;
		};
		F96590A01A676DB3005384D1 /* Sources */ = {
			isa = PBXSourcesBuildPhase;
			buildActionMask = 2147483647;
			files = (
				F96590AB1A676DB3005384D1 /* FantasyBasketballTests.m in Sources */,
			);
			runOnlyForDeploymentPostprocessing = 0;
		};
/* End PBXSourcesBuildPhase section */

/* Begin PBXTargetDependency section */
		F96590A61A676DB3005384D1 /* PBXTargetDependency */ = {
			isa = PBXTargetDependency;
			target = F96590871A676DB2005384D1 /* FantasyBasketball */;
			targetProxy = F96590A51A676DB3005384D1 /* PBXContainerItemProxy */;
		};
/* End PBXTargetDependency section */

/* Begin PBXVariantGroup section */
		F96590981A676DB3005384D1 /* Main.storyboard */ = {
			isa = PBXVariantGroup;
			children = (
				F96590991A676DB3005384D1 /* Base */,
			);
			name = Main.storyboard;
			sourceTree = "<group>";
		};
		F965909D1A676DB3005384D1 /* LaunchScreen.xib */ = {
			isa = PBXVariantGroup;
			children = (
				F965909E1A676DB3005384D1 /* Base */,
			);
			name = LaunchScreen.xib;
			sourceTree = "<group>";
		};
/* End PBXVariantGroup section */

/* Begin XCBuildConfiguration section */
		F96590AC1A676DB3005384D1 /* Debug */ = {
			isa = XCBuildConfiguration;
			buildSettings = {
				ALWAYS_SEARCH_USER_PATHS = NO;
				CLANG_CXX_LANGUAGE_STANDARD = "gnu++0x";
				CLANG_CXX_LIBRARY = "libc++";
				CLANG_ENABLE_MODULES = YES;
				CLANG_ENABLE_OBJC_ARC = YES;
				CLANG_WARN_BOOL_CONVERSION = YES;
				CLANG_WARN_CONSTANT_CONVERSION = YES;
				CLANG_WARN_DIRECT_OBJC_ISA_USAGE = YES_ERROR;
				CLANG_WARN_EMPTY_BODY = YES;
				CLANG_WARN_ENUM_CONVERSION = YES;
				CLANG_WARN_INT_CONVERSION = YES;
				CLANG_WARN_OBJC_ROOT_CLASS = YES_ERROR;
				CLANG_WARN_UNREACHABLE_CODE = YES;
				CLANG_WARN__DUPLICATE_METHOD_MATCH = YES;
				"CODE_SIGN_IDENTITY[sdk=iphoneos*]" = "iPhone Developer";
				COPY_PHASE_STRIP = NO;
				ENABLE_STRICT_OBJC_MSGSEND = YES;
				ENABLE_TESTABILITY = YES;
				GCC_C_LANGUAGE_STANDARD = gnu99;
				GCC_DYNAMIC_NO_PIC = NO;
				GCC_OPTIMIZATION_LEVEL = 0;
				GCC_PREPROCESSOR_DEFINITIONS = (
					"DEBUG=1",
					"$(inherited)",
				);
				GCC_SYMBOLS_PRIVATE_EXTERN = NO;
				GCC_WARN_64_TO_32_BIT_CONVERSION = YES;
				GCC_WARN_ABOUT_RETURN_TYPE = YES_ERROR;
				GCC_WARN_UNDECLARED_SELECTOR = YES;
				GCC_WARN_UNINITIALIZED_AUTOS = YES_AGGRESSIVE;
				GCC_WARN_UNUSED_FUNCTION = YES;
				GCC_WARN_UNUSED_VARIABLE = YES;
				IPHONEOS_DEPLOYMENT_TARGET = 8.1;
				MTL_ENABLE_DEBUG_INFO = YES;
				ONLY_ACTIVE_ARCH = YES;
				SDKROOT = iphoneos;
			};
			name = Debug;
		};
		F96590AD1A676DB3005384D1 /* Release */ = {
			isa = XCBuildConfiguration;
			buildSettings = {
				ALWAYS_SEARCH_USER_PATHS = NO;
				CLANG_CXX_LANGUAGE_STANDARD = "gnu++0x";
				CLANG_CXX_LIBRARY = "libc++";
				CLANG_ENABLE_MODULES = YES;
				CLANG_ENABLE_OBJC_ARC = YES;
				CLANG_WARN_BOOL_CONVERSION = YES;
				CLANG_WARN_CONSTANT_CONVERSION = YES;
				CLANG_WARN_DIRECT_OBJC_ISA_USAGE = YES_ERROR;
				CLANG_WARN_EMPTY_BODY = YES;
				CLANG_WARN_ENUM_CONVERSION = YES;
				CLANG_WARN_INT_CONVERSION = YES;
				CLANG_WARN_OBJC_ROOT_CLASS = YES_ERROR;
				CLANG_WARN_UNREACHABLE_CODE = YES;
				CLANG_WARN__DUPLICATE_METHOD_MATCH = YES;
				"CODE_SIGN_IDENTITY[sdk=iphoneos*]" = "iPhone Developer";
				COPY_PHASE_STRIP = YES;
				ENABLE_NS_ASSERTIONS = NO;
				ENABLE_STRICT_OBJC_MSGSEND = YES;
				GCC_C_LANGUAGE_STANDARD = gnu99;
				GCC_WARN_64_TO_32_BIT_CONVERSION = YES;
				GCC_WARN_ABOUT_RETURN_TYPE = YES_ERROR;
				GCC_WARN_UNDECLARED_SELECTOR = YES;
				GCC_WARN_UNINITIALIZED_AUTOS = YES_AGGRESSIVE;
				GCC_WARN_UNUSED_FUNCTION = YES;
				GCC_WARN_UNUSED_VARIABLE = YES;
				IPHONEOS_DEPLOYMENT_TARGET = 8.1;
				MTL_ENABLE_DEBUG_INFO = NO;
				SDKROOT = iphoneos;
				VALIDATE_PRODUCT = YES;
			};
			name = Release;
		};
		F96590AF1A676DB3005384D1 /* Debug */ = {
			isa = XCBuildConfiguration;
			baseConfigurationReference = 122CB8A91D2F72D65F0DA429 /* Pods-FantasyBasketball.debug.xcconfig */;
			buildSettings = {
				ALWAYS_SEARCH_USER_PATHS = NO;
				ASSETCATALOG_COMPILER_APPICON_NAME = AppIcon;
				CODE_SIGN_IDENTITY = "iPhone Developer";
				GCC_PRECOMPILE_PREFIX_HEADER = YES;
				GCC_PREFIX_HEADER = "/Users/chappysthebest1/Desktop/Github Repos/FantasyBasketball_iOS/FantasyBasketball/FantasyBasketball/FanstasyBaskeyballPrefixHeader.pch";
				HEADER_SEARCH_PATHS = (
					"$(inherited)",
					/Applications/Xcode.app/Contents/Developer/Toolchains/XcodeDefault.xctoolchain/usr/include,
					"$(SDKROOT)/usr/include/libxml2",
				);
				INFOPLIST_FILE = FantasyBasketball/Info.plist;
				LD_RUNPATH_SEARCH_PATHS = "$(inherited) @executable_path/Frameworks";
				PRODUCT_BUNDLE_IDENTIFIER = "CDdesigns.$(PRODUCT_NAME:rfc1034identifier)";
				PRODUCT_NAME = "$(TARGET_NAME)";
				USER_HEADER_SEARCH_PATHS = "";
			};
			name = Debug;
		};
		F96590B01A676DB3005384D1 /* Release */ = {
			isa = XCBuildConfiguration;
			baseConfigurationReference = 7A065097D2C2A9E707E3B632 /* Pods-FantasyBasketball.release.xcconfig */;
			buildSettings = {
				ALWAYS_SEARCH_USER_PATHS = NO;
				ASSETCATALOG_COMPILER_APPICON_NAME = AppIcon;
				CODE_SIGN_IDENTITY = "iPhone Developer";
				GCC_PRECOMPILE_PREFIX_HEADER = YES;
				GCC_PREFIX_HEADER = "/Users/chappysthebest1/Desktop/Github Repos/FantasyBasketball_iOS/FantasyBasketball/FantasyBasketball/FanstasyBaskeyballPrefixHeader.pch";
				HEADER_SEARCH_PATHS = (
					"$(inherited)",
					/Applications/Xcode.app/Contents/Developer/Toolchains/XcodeDefault.xctoolchain/usr/include,
					"$(SDKROOT)/usr/include/libxml2",
				);
				INFOPLIST_FILE = FantasyBasketball/Info.plist;
				LD_RUNPATH_SEARCH_PATHS = "$(inherited) @executable_path/Frameworks";
				PRODUCT_BUNDLE_IDENTIFIER = "CDdesigns.$(PRODUCT_NAME:rfc1034identifier)";
				PRODUCT_NAME = "$(TARGET_NAME)";
				USER_HEADER_SEARCH_PATHS = "";
			};
			name = Release;
		};
		F96590B21A676DB3005384D1 /* Debug */ = {
			isa = XCBuildConfiguration;
			buildSettings = {
				BUNDLE_LOADER = "$(TEST_HOST)";
				FRAMEWORK_SEARCH_PATHS = (
					"$(SDKROOT)/Developer/Library/Frameworks",
					"$(inherited)",
				);
				GCC_PREPROCESSOR_DEFINITIONS = (
					"DEBUG=1",
					"$(inherited)",
				);
				INFOPLIST_FILE = FantasyBasketballTests/Info.plist;
				LD_RUNPATH_SEARCH_PATHS = "$(inherited) @executable_path/Frameworks @loader_path/Frameworks";
				PRODUCT_BUNDLE_IDENTIFIER = "CDdesigns.$(PRODUCT_NAME:rfc1034identifier)";
				PRODUCT_NAME = "$(TARGET_NAME)";
				TEST_HOST = "$(BUILT_PRODUCTS_DIR)/FantasyBasketball.app/FantasyBasketball";
			};
			name = Debug;
		};
		F96590B31A676DB3005384D1 /* Release */ = {
			isa = XCBuildConfiguration;
			buildSettings = {
				BUNDLE_LOADER = "$(TEST_HOST)";
				FRAMEWORK_SEARCH_PATHS = (
					"$(SDKROOT)/Developer/Library/Frameworks",
					"$(inherited)",
				);
				INFOPLIST_FILE = FantasyBasketballTests/Info.plist;
				LD_RUNPATH_SEARCH_PATHS = "$(inherited) @executable_path/Frameworks @loader_path/Frameworks";
				PRODUCT_BUNDLE_IDENTIFIER = "CDdesigns.$(PRODUCT_NAME:rfc1034identifier)";
				PRODUCT_NAME = "$(TARGET_NAME)";
				TEST_HOST = "$(BUILT_PRODUCTS_DIR)/FantasyBasketball.app/FantasyBasketball";
			};
			name = Release;
		};
/* End XCBuildConfiguration section */

/* Begin XCConfigurationList section */
		F96590831A676DB2005384D1 /* Build configuration list for PBXProject "FantasyBasketball" */ = {
			isa = XCConfigurationList;
			buildConfigurations = (
				F96590AC1A676DB3005384D1 /* Debug */,
				F96590AD1A676DB3005384D1 /* Release */,
			);
			defaultConfigurationIsVisible = 0;
			defaultConfigurationName = Release;
		};
		F96590AE1A676DB3005384D1 /* Build configuration list for PBXNativeTarget "FantasyBasketball" */ = {
			isa = XCConfigurationList;
			buildConfigurations = (
				F96590AF1A676DB3005384D1 /* Debug */,
				F96590B01A676DB3005384D1 /* Release */,
			);
			defaultConfigurationIsVisible = 0;
			defaultConfigurationName = Release;
		};
		F96590B11A676DB3005384D1 /* Build configuration list for PBXNativeTarget "FantasyBasketballTests" */ = {
			isa = XCConfigurationList;
			buildConfigurations = (
				F96590B21A676DB3005384D1 /* Debug */,
				F96590B31A676DB3005384D1 /* Release */,
			);
			defaultConfigurationIsVisible = 0;
			defaultConfigurationName = Release;
		};
/* End XCConfigurationList section */
	};
	rootObject = F96590801A676DB2005384D1 /* Project object */;
}
