// !$*UTF8*$!
{
	archiveVersion = 1;
	classes = {
	};
	objectVersion = 46;
	objects = {

/* Begin PBXBuildFile section */
		50ABFF8D1F956560007AB627 /* NotificationCenter.framework in Frameworks */ = {isa = PBXBuildFile; fileRef = F90461E01A6C2A29008A2C8E /* NotificationCenter.framework */; };
		50ABFF911F956560007AB627 /* TodayViewController.m in Sources */ = {isa = PBXBuildFile; fileRef = 50ABFF901F956560007AB627 /* TodayViewController.m */; };
		50ABFF941F956560007AB627 /* MainInterface.storyboard in Resources */ = {isa = PBXBuildFile; fileRef = 50ABFF921F956560007AB627 /* MainInterface.storyboard */; };
		50ABFF981F956560007AB627 /* Fantasy Basketball.appex in Embed App Extensions */ = {isa = PBXBuildFile; fileRef = 50ABFF8C1F956560007AB627 /* Fantasy Basketball.appex */; settings = {ATTRIBUTES = (RemoveHeadersOnCopy, ); }; };
		50ABFF9E1F956B06007AB627 /* TFHpple.m in Sources */ = {isa = PBXBuildFile; fileRef = F954E97D1B65E501000F323F /* TFHpple.m */; };
		50ABFF9F1F956B10007AB627 /* FBSession.m in Sources */ = {isa = PBXBuildFile; fileRef = F991B1861BE6D1D5008A4EA6 /* FBSession.m */; };
		50ABFFA21F956B5C007AB627 /* FBCoreDataModel.xcdatamodeld in Sources */ = {isa = PBXBuildFile; fileRef = F991B1801BE6D0E0008A4EA6 /* FBCoreDataModel.xcdatamodeld */; };
		50ABFFA51F957062007AB627 /* TFHppleElement.m in Sources */ = {isa = PBXBuildFile; fileRef = F954E97F1B65E501000F323F /* TFHppleElement.m */; };
		50ABFFA61F957069007AB627 /* FBPlayer.m in Sources */ = {isa = PBXBuildFile; fileRef = F9F8185A1B6ABA0700EE70E7 /* FBPlayer.m */; };
		50ABFFA91F9570CE007AB627 /* XPathQuery.m in Sources */ = {isa = PBXBuildFile; fileRef = F954E9811B65E501000F323F /* XPathQuery.m */; };
		50ABFFAC1F957255007AB627 /* libxml2.2.dylib in Frameworks */ = {isa = PBXBuildFile; fileRef = 50ABFFAB1F957255007AB627 /* libxml2.2.dylib */; };
		68192259E82B91EEEE6CE6FC /* libPods-FantasyBasketball.a in Frameworks */ = {isa = PBXBuildFile; fileRef = ABC2724644021577544FAD08 /* libPods-FantasyBasketball.a */; };
		9637B00BAC7B9F4A7E401A96 /* libPods-Fantasy Basketball.a in Frameworks */ = {isa = PBXBuildFile; fileRef = 9DB2534FC3C9F2BE9E0D3AC0 /* libPods-Fantasy Basketball.a */; };
		DAD741FB8C0C8FA99F0EEA49 /* libPods-FantasyBasketballTests.a in Frameworks */ = {isa = PBXBuildFile; fileRef = 81AE1371DD205E740B5D5852 /* libPods-FantasyBasketballTests.a */; };
		F904F3A71B6C665600B7BD37 /* FBViewController.m in Sources */ = {isa = PBXBuildFile; fileRef = F904F3A61B6C665600B7BD37 /* FBViewController.m */; };
		F904F3AC1B6C8E7B00B7BD37 /* MA@2x.png in Resources */ = {isa = PBXBuildFile; fileRef = F904F3A81B6C8E7B00B7BD37 /* MA@2x.png */; };
		F904F3AD1B6C8E7B00B7BD37 /* MY@2x.png in Resources */ = {isa = PBXBuildFile; fileRef = F904F3A91B6C8E7B00B7BD37 /* MY@2x.png */; };
		F904F3AE1B6C8E7B00B7BD37 /* PL@2x.png in Resources */ = {isa = PBXBuildFile; fileRef = F904F3AA1B6C8E7B00B7BD37 /* PL@2x.png */; };
		F904F3AF1B6C8E7B00B7BD37 /* SE@2x.png in Resources */ = {isa = PBXBuildFile; fileRef = F904F3AB1B6C8E7B00B7BD37 /* SE@2x.png */; };
		F904F3B21B6C8E8100B7BD37 /* DL@2x.png in Resources */ = {isa = PBXBuildFile; fileRef = F904F3B01B6C8E8100B7BD37 /* DL@2x.png */; };
		F904F3B31B6C8E8100B7BD37 /* GR@2x.png in Resources */ = {isa = PBXBuildFile; fileRef = F904F3B11B6C8E8100B7BD37 /* GR@2x.png */; };
		F913152B1BEC2C3A007ADCD2 /* UIColor+FBColors.m in Sources */ = {isa = PBXBuildFile; fileRef = F913152A1BEC2C3A007ADCD2 /* UIColor+FBColors.m */; };
		F918BB151B6D344A00E927C4 /* basketball@2x.png in Resources */ = {isa = PBXBuildFile; fileRef = F918BB141B6D344A00E927C4 /* basketball@2x.png */; };
		F933F76E1A6B2585009E24D8 /* DailyLeadersViewController.m in Sources */ = {isa = PBXBuildFile; fileRef = F933F76D1A6B2585009E24D8 /* DailyLeadersViewController.m */; };
		F933F7711A6B5414009E24D8 /* MatchupViewController.m in Sources */ = {isa = PBXBuildFile; fileRef = F933F7701A6B5414009E24D8 /* MatchupViewController.m */; };
		F937FCFE1C0BAE7A002D545E /* FBNewsSelectorView.m in Sources */ = {isa = PBXBuildFile; fileRef = F937FCFC1C0BAE7A002D545E /* FBNewsSelectorView.m */; };
		F937FCFF1C0BAE7A002D545E /* FBNewsSelectorView.xib in Resources */ = {isa = PBXBuildFile; fileRef = F937FCFD1C0BAE7A002D545E /* FBNewsSelectorView.xib */; };
		F937FD041C0BC0E8002D545E /* FBNewsSettings+CoreDataProperties.m in Sources */ = {isa = PBXBuildFile; fileRef = F937FD011C0BC0E8002D545E /* FBNewsSettings+CoreDataProperties.m */; };
		F937FD051C0BC0E8002D545E /* FBNewsSettings.m in Sources */ = {isa = PBXBuildFile; fileRef = F937FD031C0BC0E8002D545E /* FBNewsSettings.m */; };
		F93CC15D1C0A47EF0078E5FA /* FBWatchList+CoreDataProperties.m in Sources */ = {isa = PBXBuildFile; fileRef = F93CC15A1C0A47EF0078E5FA /* FBWatchList+CoreDataProperties.m */; };
		F93CC15E1C0A47EF0078E5FA /* FBWatchList.m in Sources */ = {isa = PBXBuildFile; fileRef = F93CC15C1C0A47EF0078E5FA /* FBWatchList.m */; };
		F93CC1611C0A55320078E5FA /* WL-Off.png in Resources */ = {isa = PBXBuildFile; fileRef = F93CC15F1C0A55320078E5FA /* WL-Off.png */; };
		F93CC1621C0A55320078E5FA /* WL-On.png in Resources */ = {isa = PBXBuildFile; fileRef = F93CC1601C0A55320078E5FA /* WL-On.png */; };
		F93DAD031E08EC9500B5F5FF /* FBWinProbablity.m in Sources */ = {isa = PBXBuildFile; fileRef = F93DAD021E08EC9500B5F5FF /* FBWinProbablity.m */; };
		F93DAD061E08F07100B5F5FF /* FBWinProbablityPlayer.m in Sources */ = {isa = PBXBuildFile; fileRef = F93DAD051E08F07100B5F5FF /* FBWinProbablityPlayer.m */; };
		F9528BB91C0661F500B421DC /* NE@2x.png in Resources */ = {isa = PBXBuildFile; fileRef = F9528BB81C0661F500B421DC /* NE@2x.png */; };
		F9528BBD1C06620D00B421DC /* SC@2x.png in Resources */ = {isa = PBXBuildFile; fileRef = F9528BBA1C06620D00B421DC /* SC@2x.png */; };
		F9528BBE1C06620D00B421DC /* ST@2x.png in Resources */ = {isa = PBXBuildFile; fileRef = F9528BBB1C06620D00B421DC /* ST@2x.png */; };
		F9528BBF1C06620D00B421DC /* WL@2x.png in Resources */ = {isa = PBXBuildFile; fileRef = F9528BBC1C06620D00B421DC /* WL@2x.png */; };
		F954E9821B65E501000F323F /* TFHpple.m in Sources */ = {isa = PBXBuildFile; fileRef = F954E97D1B65E501000F323F /* TFHpple.m */; };
		F954E9831B65E501000F323F /* TFHppleElement.m in Sources */ = {isa = PBXBuildFile; fileRef = F954E97F1B65E501000F323F /* TFHppleElement.m */; };
		F954E9841B65E501000F323F /* XPathQuery.m in Sources */ = {isa = PBXBuildFile; fileRef = F954E9811B65E501000F323F /* XPathQuery.m */; };
		F954E9901B65E52C000F323F /* BEMAverageLine.m in Sources */ = {isa = PBXBuildFile; fileRef = F954E9871B65E52C000F323F /* BEMAverageLine.m */; };
		F954E9911B65E52C000F323F /* BEMCircle.m in Sources */ = {isa = PBXBuildFile; fileRef = F954E9891B65E52C000F323F /* BEMCircle.m */; };
		F954E9921B65E52C000F323F /* BEMLine.m in Sources */ = {isa = PBXBuildFile; fileRef = F954E98B1B65E52C000F323F /* BEMLine.m */; };
		F954E9931B65E52C000F323F /* BEMPermanentPopupView.m in Sources */ = {isa = PBXBuildFile; fileRef = F954E98D1B65E52C000F323F /* BEMPermanentPopupView.m */; };
		F954E9941B65E52C000F323F /* BEMSimpleLineGraphView.m in Sources */ = {isa = PBXBuildFile; fileRef = F954E98F1B65E52C000F323F /* BEMSimpleLineGraphView.m */; };
		F9573F351B6BF3AA00AE4872 /* QuartzCore.framework in Frameworks */ = {isa = PBXBuildFile; fileRef = F9573F341B6BF3AA00AE4872 /* QuartzCore.framework */; };
		F95F53D21B6BFE5300CFF253 /* StadiumBlur.jpg in Resources */ = {isa = PBXBuildFile; fileRef = F95F53D11B6BFE5300CFF253 /* StadiumBlur.jpg */; };
		F95F53D51B6BFECA00CFF253 /* LeftSideMenuViewController.m in Sources */ = {isa = PBXBuildFile; fileRef = F95F53D41B6BFECA00CFF253 /* LeftSideMenuViewController.m */; };
		F95F53E01B6C0FDE00CFF253 /* SettingsViewController.m in Sources */ = {isa = PBXBuildFile; fileRef = F95F53DF1B6C0FDE00CFF253 /* SettingsViewController.m */; };
		F965908E1A676DB2005384D1 /* main.m in Sources */ = {isa = PBXBuildFile; fileRef = F965908D1A676DB2005384D1 /* main.m */; };
		F96590911A676DB2005384D1 /* AppDelegate.m in Sources */ = {isa = PBXBuildFile; fileRef = F96590901A676DB2005384D1 /* AppDelegate.m */; };
		F965909A1A676DB3005384D1 /* Main.storyboard in Resources */ = {isa = PBXBuildFile; fileRef = F96590981A676DB3005384D1 /* Main.storyboard */; };
		F965909C1A676DB3005384D1 /* Images.xcassets in Resources */ = {isa = PBXBuildFile; fileRef = F965909B1A676DB3005384D1 /* Images.xcassets */; };
		F965909F1A676DB3005384D1 /* LaunchScreen.xib in Resources */ = {isa = PBXBuildFile; fileRef = F965909D1A676DB3005384D1 /* LaunchScreen.xib */; };
		F96590AB1A676DB3005384D1 /* FantasyBasketballTests.m in Sources */ = {isa = PBXBuildFile; fileRef = F96590AA1A676DB3005384D1 /* FantasyBasketballTests.m */; };
		F96590B61A6773E8005384D1 /* MyTeamViewController.m in Sources */ = {isa = PBXBuildFile; fileRef = F96590B51A6773E8005384D1 /* MyTeamViewController.m */; };
		F96590B91A677441005384D1 /* PlayersViewController.m in Sources */ = {isa = PBXBuildFile; fileRef = F96590B81A677441005384D1 /* PlayersViewController.m */; };
		F96590CB1A67872E005384D1 /* libxml2.dylib in Frameworks */ = {isa = PBXBuildFile; fileRef = F96590CA1A67872E005384D1 /* libxml2.dylib */; };
		F96DAF441B6C2F2B00648CCF /* FBPickerView.m in Sources */ = {isa = PBXBuildFile; fileRef = F96DAF431B6C2F2B00648CCF /* FBPickerView.m */; };
		F96DAF461B6C2F5200648CCF /* FBPickerView.xib in Resources */ = {isa = PBXBuildFile; fileRef = F96DAF451B6C2F5200648CCF /* FBPickerView.xib */; };
		F97063801A6C98B800A50A43 /* PlayerViewController.m in Sources */ = {isa = PBXBuildFile; fileRef = F970637F1A6C98B800A50A43 /* PlayerViewController.m */; };
		F97063831A6C98D700A50A43 /* WebViewController.m in Sources */ = {isa = PBXBuildFile; fileRef = F97063821A6C98D700A50A43 /* WebViewController.m */; };
		F9908DFF1AA250F0008DF9D8 /* MatchupPlayerCell.m in Sources */ = {isa = PBXBuildFile; fileRef = F9908DFE1AA250F0008DF9D8 /* MatchupPlayerCell.m */; };
		F991B1821BE6D0E0008A4EA6 /* FBCoreDataModel.xcdatamodeld in Sources */ = {isa = PBXBuildFile; fileRef = F991B1801BE6D0E0008A4EA6 /* FBCoreDataModel.xcdatamodeld */; };
		F991B1871BE6D1D5008A4EA6 /* FBSession+CoreDataProperties.m in Sources */ = {isa = PBXBuildFile; fileRef = F991B1841BE6D1D5008A4EA6 /* FBSession+CoreDataProperties.m */; };
		F991B1881BE6D1D5008A4EA6 /* FBSession.m in Sources */ = {isa = PBXBuildFile; fileRef = F991B1861BE6D1D5008A4EA6 /* FBSession.m */; };
		F991B18B1BE6F04C008A4EA6 /* SessionViewController.m in Sources */ = {isa = PBXBuildFile; fileRef = F991B18A1BE6F04C008A4EA6 /* SessionViewController.m */; };
		F9947F6A1B66A44E008F9B70 /* CoreGraphics.framework in Frameworks */ = {isa = PBXBuildFile; fileRef = F9947F691B66A44E008F9B70 /* CoreGraphics.framework */; };
		F9947F6C1B66A456008F9B70 /* UIKit.framework in Frameworks */ = {isa = PBXBuildFile; fileRef = F9947F6B1B66A456008F9B70 /* UIKit.framework */; };
		F9947F6E1B66A45F008F9B70 /* Foundation.framework in Frameworks */ = {isa = PBXBuildFile; fileRef = F9947F6D1B66A45F008F9B70 /* Foundation.framework */; };
		F9AAF19A1E0F5B4200A0C065 /* FBWinProbabilityGame.m in Sources */ = {isa = PBXBuildFile; fileRef = F9AAF1991E0F5B4200A0C065 /* FBWinProbabilityGame.m */; };
		F9CA8B3A1C07A66600771533 /* WebKit.framework in Frameworks */ = {isa = PBXBuildFile; fileRef = F9CA8B391C07A66600771533 /* WebKit.framework */; };
		F9D7023C1A9F678000AAEB18 /* PlayerCell.m in Sources */ = {isa = PBXBuildFile; fileRef = F9D7023B1A9F678000AAEB18 /* PlayerCell.m */; };
		F9E5F20E1BEEAC04003E8CAA /* NewsViewController.m in Sources */ = {isa = PBXBuildFile; fileRef = F9E5F20D1BEEAC04003E8CAA /* NewsViewController.m */; };
		F9E5F2121BEEAE42003E8CAA /* WatchListViewController.m in Sources */ = {isa = PBXBuildFile; fileRef = F9E5F2111BEEAE42003E8CAA /* WatchListViewController.m */; };
		F9E5F2151BEEAE4F003E8CAA /* ScoreboardViewController.m in Sources */ = {isa = PBXBuildFile; fileRef = F9E5F2141BEEAE4F003E8CAA /* ScoreboardViewController.m */; };
		F9E5F2181BEEAE5C003E8CAA /* StandingsViewController.m in Sources */ = {isa = PBXBuildFile; fileRef = F9E5F2171BEEAE5C003E8CAA /* StandingsViewController.m */; };
		F9EDB5131C097B84007E752F /* StadiumBlur2.jpg in Resources */ = {isa = PBXBuildFile; fileRef = F9EDB5121C097B84007E752F /* StadiumBlur2.jpg */; };
		F9F8185D1B6ABA0700EE70E7 /* FBPlayer.m in Sources */ = {isa = PBXBuildFile; fileRef = F9F8185A1B6ABA0700EE70E7 /* FBPlayer.m */; };
		F9F9877C1C096A48007C3BE9 /* FBIcon.png in Resources */ = {isa = PBXBuildFile; fileRef = F9F9877B1C096A48007C3BE9 /* FBIcon.png */; };
		F9F9877F1C097268007C3BE9 /* ScoreboardCell.m in Sources */ = {isa = PBXBuildFile; fileRef = F9F9877E1C097268007C3BE9 /* ScoreboardCell.m */; };
/* End PBXBuildFile section */

/* Begin PBXContainerItemProxy section */
		50ABFF961F956560007AB627 /* PBXContainerItemProxy */ = {
			isa = PBXContainerItemProxy;
			containerPortal = F96590801A676DB2005384D1 /* Project object */;
			proxyType = 1;
			remoteGlobalIDString = 50ABFF8B1F956560007AB627;
			remoteInfo = "Fantasy Basketball";
		};
		F96590A51A676DB3005384D1 /* PBXContainerItemProxy */ = {
			isa = PBXContainerItemProxy;
			containerPortal = F96590801A676DB2005384D1 /* Project object */;
			proxyType = 1;
			remoteGlobalIDString = F96590871A676DB2005384D1;
			remoteInfo = FantasyBasketball;
		};
/* End PBXContainerItemProxy section */

/* Begin PBXCopyFilesBuildPhase section */
		F90461F01A6C2A2A008A2C8E /* Embed App Extensions */ = {
			isa = PBXCopyFilesBuildPhase;
			buildActionMask = 2147483647;
			dstPath = "";
			dstSubfolderSpec = 13;
			files = (
				50ABFF981F956560007AB627 /* Fantasy Basketball.appex in Embed App Extensions */,
			);
			name = "Embed App Extensions";
			runOnlyForDeploymentPostprocessing = 0;
		};
/* End PBXCopyFilesBuildPhase section */

/* Begin PBXFileReference section */
		3C13CAD95BCEDD1E38D717A1 /* Pods-FantasyBasketballTests.debug.xcconfig */ = {isa = PBXFileReference; includeInIndex = 1; lastKnownFileType = text.xcconfig; name = "Pods-FantasyBasketballTests.debug.xcconfig"; path = "Pods/Target Support Files/Pods-FantasyBasketballTests/Pods-FantasyBasketballTests.debug.xcconfig"; sourceTree = "<group>"; };
		46A9D1CA45B5CFD889DDE265 /* Pods-Fantasy Basketball.release.xcconfig */ = {isa = PBXFileReference; includeInIndex = 1; lastKnownFileType = text.xcconfig; name = "Pods-Fantasy Basketball.release.xcconfig"; path = "Pods/Target Support Files/Pods-Fantasy Basketball/Pods-Fantasy Basketball.release.xcconfig"; sourceTree = "<group>"; };
		50ABFF8C1F956560007AB627 /* Fantasy Basketball.appex */ = {isa = PBXFileReference; explicitFileType = "wrapper.app-extension"; includeInIndex = 0; path = "Fantasy Basketball.appex"; sourceTree = BUILT_PRODUCTS_DIR; };
		50ABFF8F1F956560007AB627 /* TodayViewController.h */ = {isa = PBXFileReference; lastKnownFileType = sourcecode.c.h; path = TodayViewController.h; sourceTree = "<group>"; };
		50ABFF901F956560007AB627 /* TodayViewController.m */ = {isa = PBXFileReference; lastKnownFileType = sourcecode.c.objc; path = TodayViewController.m; sourceTree = "<group>"; };
		50ABFF931F956560007AB627 /* Base */ = {isa = PBXFileReference; lastKnownFileType = file.storyboard; name = Base; path = Base.lproj/MainInterface.storyboard; sourceTree = "<group>"; };
		50ABFF951F956560007AB627 /* Info.plist */ = {isa = PBXFileReference; lastKnownFileType = text.plist.xml; path = Info.plist; sourceTree = "<group>"; };
		50ABFFA31F956E89007AB627 /* FantasyBasketball.entitlements */ = {isa = PBXFileReference; lastKnownFileType = text.plist.entitlements; path = FantasyBasketball.entitlements; sourceTree = "<group>"; };
		50ABFFA41F956EA0007AB627 /* Fantasy Basketball.entitlements */ = {isa = PBXFileReference; lastKnownFileType = text.plist.entitlements; path = "Fantasy Basketball.entitlements"; sourceTree = "<group>"; };
		50ABFFA71F957095007AB627 /* libxml2.2.tbd */ = {isa = PBXFileReference; lastKnownFileType = "sourcecode.text-based-dylib-definition"; name = libxml2.2.tbd; path = usr/lib/libxml2.2.tbd; sourceTree = SDKROOT; };
		50ABFFAB1F957255007AB627 /* libxml2.2.dylib */ = {isa = PBXFileReference; lastKnownFileType = "compiled.mach-o.dylib"; name = libxml2.2.dylib; path = ../../../../../../usr/lib/libxml2.2.dylib; sourceTree = "<group>"; };
		54D846C71E2E1A6570CCC85D /* Pods-FantasyBasketballTests.release.xcconfig */ = {isa = PBXFileReference; includeInIndex = 1; lastKnownFileType = text.xcconfig; name = "Pods-FantasyBasketballTests.release.xcconfig"; path = "Pods/Target Support Files/Pods-FantasyBasketballTests/Pods-FantasyBasketballTests.release.xcconfig"; sourceTree = "<group>"; };
		722489F9C43580DF05AF8309 /* Pods-Fantasy Basketball.debug.xcconfig */ = {isa = PBXFileReference; includeInIndex = 1; lastKnownFileType = text.xcconfig; name = "Pods-Fantasy Basketball.debug.xcconfig"; path = "Pods/Target Support Files/Pods-Fantasy Basketball/Pods-Fantasy Basketball.debug.xcconfig"; sourceTree = "<group>"; };
		81AE1371DD205E740B5D5852 /* libPods-FantasyBasketballTests.a */ = {isa = PBXFileReference; explicitFileType = archive.ar; includeInIndex = 0; path = "libPods-FantasyBasketballTests.a"; sourceTree = BUILT_PRODUCTS_DIR; };
		9DB2534FC3C9F2BE9E0D3AC0 /* libPods-Fantasy Basketball.a */ = {isa = PBXFileReference; explicitFileType = archive.ar; includeInIndex = 0; path = "libPods-Fantasy Basketball.a"; sourceTree = BUILT_PRODUCTS_DIR; };
		ABC2724644021577544FAD08 /* libPods-FantasyBasketball.a */ = {isa = PBXFileReference; explicitFileType = archive.ar; includeInIndex = 0; path = "libPods-FantasyBasketball.a"; sourceTree = BUILT_PRODUCTS_DIR; };
		BFB6DC3A6ECAE8D4487F85DC /* Pods-FantasyBasketball.release.xcconfig */ = {isa = PBXFileReference; includeInIndex = 1; lastKnownFileType = text.xcconfig; name = "Pods-FantasyBasketball.release.xcconfig"; path = "Pods/Target Support Files/Pods-FantasyBasketball/Pods-FantasyBasketball.release.xcconfig"; sourceTree = "<group>"; };
		EEBECDFE64BEDB4E46B7C20B /* Pods-FantasyBasketball.debug.xcconfig */ = {isa = PBXFileReference; includeInIndex = 1; lastKnownFileType = text.xcconfig; name = "Pods-FantasyBasketball.debug.xcconfig"; path = "Pods/Target Support Files/Pods-FantasyBasketball/Pods-FantasyBasketball.debug.xcconfig"; sourceTree = "<group>"; };
		F90461E01A6C2A29008A2C8E /* NotificationCenter.framework */ = {isa = PBXFileReference; lastKnownFileType = wrapper.framework; name = NotificationCenter.framework; path = System/Library/Frameworks/NotificationCenter.framework; sourceTree = SDKROOT; };
		F904F3A51B6C665600B7BD37 /* FBViewController.h */ = {isa = PBXFileReference; fileEncoding = 4; lastKnownFileType = sourcecode.c.h; path = FBViewController.h; sourceTree = "<group>"; };
		F904F3A61B6C665600B7BD37 /* FBViewController.m */ = {isa = PBXFileReference; fileEncoding = 4; lastKnownFileType = sourcecode.c.objc; path = FBViewController.m; sourceTree = "<group>"; };
		F904F3A81B6C8E7B00B7BD37 /* MA@2x.png */ = {isa = PBXFileReference; lastKnownFileType = image.png; name = "MA@2x.png"; path = "FantasyBasketball/Images/MA@2x.png"; sourceTree = "<group>"; };
		F904F3A91B6C8E7B00B7BD37 /* MY@2x.png */ = {isa = PBXFileReference; lastKnownFileType = image.png; name = "MY@2x.png"; path = "FantasyBasketball/Images/MY@2x.png"; sourceTree = "<group>"; };
		F904F3AA1B6C8E7B00B7BD37 /* PL@2x.png */ = {isa = PBXFileReference; lastKnownFileType = image.png; name = "PL@2x.png"; path = "FantasyBasketball/Images/PL@2x.png"; sourceTree = "<group>"; };
		F904F3AB1B6C8E7B00B7BD37 /* SE@2x.png */ = {isa = PBXFileReference; lastKnownFileType = image.png; name = "SE@2x.png"; path = "FantasyBasketball/Images/SE@2x.png"; sourceTree = "<group>"; };
		F904F3B01B6C8E8100B7BD37 /* DL@2x.png */ = {isa = PBXFileReference; lastKnownFileType = image.png; name = "DL@2x.png"; path = "FantasyBasketball/Images/DL@2x.png"; sourceTree = "<group>"; };
		F904F3B11B6C8E8100B7BD37 /* GR@2x.png */ = {isa = PBXFileReference; lastKnownFileType = image.png; name = "GR@2x.png"; path = "FantasyBasketball/Images/GR@2x.png"; sourceTree = "<group>"; };
		F91315291BEC2C3A007ADCD2 /* UIColor+FBColors.h */ = {isa = PBXFileReference; fileEncoding = 4; lastKnownFileType = sourcecode.c.h; name = "UIColor+FBColors.h"; path = "FantasyBasketball/UIColor+FBColors.h"; sourceTree = "<group>"; };
		F913152A1BEC2C3A007ADCD2 /* UIColor+FBColors.m */ = {isa = PBXFileReference; fileEncoding = 4; lastKnownFileType = sourcecode.c.objc; name = "UIColor+FBColors.m"; path = "FantasyBasketball/UIColor+FBColors.m"; sourceTree = "<group>"; };
		F918BB141B6D344A00E927C4 /* basketball@2x.png */ = {isa = PBXFileReference; lastKnownFileType = image.png; name = "basketball@2x.png"; path = "FantasyBasketball/Images/basketball@2x.png"; sourceTree = "<group>"; };
		F933F76C1A6B2585009E24D8 /* DailyLeadersViewController.h */ = {isa = PBXFileReference; fileEncoding = 4; lastKnownFileType = sourcecode.c.h; path = DailyLeadersViewController.h; sourceTree = "<group>"; };
		F933F76D1A6B2585009E24D8 /* DailyLeadersViewController.m */ = {isa = PBXFileReference; fileEncoding = 4; lastKnownFileType = sourcecode.c.objc; path = DailyLeadersViewController.m; sourceTree = "<group>"; };
		F933F76F1A6B5414009E24D8 /* MatchupViewController.h */ = {isa = PBXFileReference; fileEncoding = 4; lastKnownFileType = sourcecode.c.h; path = MatchupViewController.h; sourceTree = "<group>"; };
		F933F7701A6B5414009E24D8 /* MatchupViewController.m */ = {isa = PBXFileReference; fileEncoding = 4; lastKnownFileType = sourcecode.c.objc; path = MatchupViewController.m; sourceTree = "<group>"; };
		F937FCFB1C0BAE7A002D545E /* FBNewsSelectorView.h */ = {isa = PBXFileReference; fileEncoding = 4; lastKnownFileType = sourcecode.c.h; name = FBNewsSelectorView.h; path = FantasyBasketball/FBNewsSelectorView.h; sourceTree = "<group>"; };
		F937FCFC1C0BAE7A002D545E /* FBNewsSelectorView.m */ = {isa = PBXFileReference; fileEncoding = 4; lastKnownFileType = sourcecode.c.objc; name = FBNewsSelectorView.m; path = FantasyBasketball/FBNewsSelectorView.m; sourceTree = "<group>"; };
		F937FCFD1C0BAE7A002D545E /* FBNewsSelectorView.xib */ = {isa = PBXFileReference; fileEncoding = 4; lastKnownFileType = file.xib; name = FBNewsSelectorView.xib; path = FantasyBasketball/FBNewsSelectorView.xib; sourceTree = "<group>"; };
		F937FD001C0BC0E8002D545E /* FBNewsSettings+CoreDataProperties.h */ = {isa = PBXFileReference; fileEncoding = 4; lastKnownFileType = sourcecode.c.h; name = "FBNewsSettings+CoreDataProperties.h"; path = "FantasyBasketball/FBNewsSettings+CoreDataProperties.h"; sourceTree = "<group>"; };
		F937FD011C0BC0E8002D545E /* FBNewsSettings+CoreDataProperties.m */ = {isa = PBXFileReference; fileEncoding = 4; lastKnownFileType = sourcecode.c.objc; name = "FBNewsSettings+CoreDataProperties.m"; path = "FantasyBasketball/FBNewsSettings+CoreDataProperties.m"; sourceTree = "<group>"; };
		F937FD021C0BC0E8002D545E /* FBNewsSettings.h */ = {isa = PBXFileReference; fileEncoding = 4; lastKnownFileType = sourcecode.c.h; name = FBNewsSettings.h; path = FantasyBasketball/FBNewsSettings.h; sourceTree = "<group>"; };
		F937FD031C0BC0E8002D545E /* FBNewsSettings.m */ = {isa = PBXFileReference; fileEncoding = 4; lastKnownFileType = sourcecode.c.objc; name = FBNewsSettings.m; path = FantasyBasketball/FBNewsSettings.m; sourceTree = "<group>"; };
		F93CC1591C0A47EF0078E5FA /* FBWatchList+CoreDataProperties.h */ = {isa = PBXFileReference; fileEncoding = 4; lastKnownFileType = sourcecode.c.h; name = "FBWatchList+CoreDataProperties.h"; path = "FantasyBasketball/FBWatchList+CoreDataProperties.h"; sourceTree = "<group>"; };
		F93CC15A1C0A47EF0078E5FA /* FBWatchList+CoreDataProperties.m */ = {isa = PBXFileReference; fileEncoding = 4; lastKnownFileType = sourcecode.c.objc; name = "FBWatchList+CoreDataProperties.m"; path = "FantasyBasketball/FBWatchList+CoreDataProperties.m"; sourceTree = "<group>"; };
		F93CC15B1C0A47EF0078E5FA /* FBWatchList.h */ = {isa = PBXFileReference; fileEncoding = 4; lastKnownFileType = sourcecode.c.h; name = FBWatchList.h; path = FantasyBasketball/FBWatchList.h; sourceTree = "<group>"; };
		F93CC15C1C0A47EF0078E5FA /* FBWatchList.m */ = {isa = PBXFileReference; fileEncoding = 4; lastKnownFileType = sourcecode.c.objc; name = FBWatchList.m; path = FantasyBasketball/FBWatchList.m; sourceTree = "<group>"; };
		F93CC15F1C0A55320078E5FA /* WL-Off.png */ = {isa = PBXFileReference; lastKnownFileType = image.png; name = "WL-Off.png"; path = "FantasyBasketball/Images/WL-Off.png"; sourceTree = "<group>"; };
		F93CC1601C0A55320078E5FA /* WL-On.png */ = {isa = PBXFileReference; lastKnownFileType = image.png; name = "WL-On.png"; path = "FantasyBasketball/Images/WL-On.png"; sourceTree = "<group>"; };
		F93DAD011E08EC9500B5F5FF /* FBWinProbablity.h */ = {isa = PBXFileReference; fileEncoding = 4; lastKnownFileType = sourcecode.c.h; name = FBWinProbablity.h; path = Classes/FBWinProbablity.h; sourceTree = "<group>"; };
		F93DAD021E08EC9500B5F5FF /* FBWinProbablity.m */ = {isa = PBXFileReference; fileEncoding = 4; lastKnownFileType = sourcecode.c.objc; name = FBWinProbablity.m; path = Classes/FBWinProbablity.m; sourceTree = "<group>"; };
		F93DAD041E08F07100B5F5FF /* FBWinProbablityPlayer.h */ = {isa = PBXFileReference; fileEncoding = 4; lastKnownFileType = sourcecode.c.h; name = FBWinProbablityPlayer.h; path = Classes/FBWinProbablityPlayer.h; sourceTree = "<group>"; };
		F93DAD051E08F07100B5F5FF /* FBWinProbablityPlayer.m */ = {isa = PBXFileReference; fileEncoding = 4; lastKnownFileType = sourcecode.c.objc; name = FBWinProbablityPlayer.m; path = Classes/FBWinProbablityPlayer.m; sourceTree = "<group>"; };
		F9528BB81C0661F500B421DC /* NE@2x.png */ = {isa = PBXFileReference; lastKnownFileType = image.png; name = "NE@2x.png"; path = "FantasyBasketball/Images/NE@2x.png"; sourceTree = "<group>"; };
		F9528BBA1C06620D00B421DC /* SC@2x.png */ = {isa = PBXFileReference; lastKnownFileType = image.png; name = "SC@2x.png"; path = "FantasyBasketball/Images/SC@2x.png"; sourceTree = "<group>"; };
		F9528BBB1C06620D00B421DC /* ST@2x.png */ = {isa = PBXFileReference; lastKnownFileType = image.png; name = "ST@2x.png"; path = "FantasyBasketball/Images/ST@2x.png"; sourceTree = "<group>"; };
		F9528BBC1C06620D00B421DC /* WL@2x.png */ = {isa = PBXFileReference; lastKnownFileType = image.png; name = "WL@2x.png"; path = "FantasyBasketball/Images/WL@2x.png"; sourceTree = "<group>"; };
		F954E97C1B65E501000F323F /* TFHpple.h */ = {isa = PBXFileReference; fileEncoding = 4; lastKnownFileType = sourcecode.c.h; name = TFHpple.h; path = "Third Party/Hpple/TFHpple.h"; sourceTree = SOURCE_ROOT; };
		F954E97D1B65E501000F323F /* TFHpple.m */ = {isa = PBXFileReference; fileEncoding = 4; lastKnownFileType = sourcecode.c.objc; name = TFHpple.m; path = "Third Party/Hpple/TFHpple.m"; sourceTree = SOURCE_ROOT; };
		F954E97E1B65E501000F323F /* TFHppleElement.h */ = {isa = PBXFileReference; fileEncoding = 4; lastKnownFileType = sourcecode.c.h; name = TFHppleElement.h; path = "Third Party/Hpple/TFHppleElement.h"; sourceTree = SOURCE_ROOT; };
		F954E97F1B65E501000F323F /* TFHppleElement.m */ = {isa = PBXFileReference; fileEncoding = 4; lastKnownFileType = sourcecode.c.objc; name = TFHppleElement.m; path = "Third Party/Hpple/TFHppleElement.m"; sourceTree = SOURCE_ROOT; };
		F954E9801B65E501000F323F /* XPathQuery.h */ = {isa = PBXFileReference; fileEncoding = 4; lastKnownFileType = sourcecode.c.h; name = XPathQuery.h; path = "Third Party/Hpple/XPathQuery.h"; sourceTree = SOURCE_ROOT; };
		F954E9811B65E501000F323F /* XPathQuery.m */ = {isa = PBXFileReference; fileEncoding = 4; lastKnownFileType = sourcecode.c.objc; name = XPathQuery.m; path = "Third Party/Hpple/XPathQuery.m"; sourceTree = SOURCE_ROOT; };
		F954E9861B65E52C000F323F /* BEMAverageLine.h */ = {isa = PBXFileReference; fileEncoding = 4; lastKnownFileType = sourcecode.c.h; name = BEMAverageLine.h; path = "Third Party/BEMSimpleLineGraph/BEMAverageLine.h"; sourceTree = SOURCE_ROOT; };
		F954E9871B65E52C000F323F /* BEMAverageLine.m */ = {isa = PBXFileReference; fileEncoding = 4; lastKnownFileType = sourcecode.c.objc; name = BEMAverageLine.m; path = "Third Party/BEMSimpleLineGraph/BEMAverageLine.m"; sourceTree = SOURCE_ROOT; };
		F954E9881B65E52C000F323F /* BEMCircle.h */ = {isa = PBXFileReference; fileEncoding = 4; lastKnownFileType = sourcecode.c.h; name = BEMCircle.h; path = "Third Party/BEMSimpleLineGraph/BEMCircle.h"; sourceTree = SOURCE_ROOT; };
		F954E9891B65E52C000F323F /* BEMCircle.m */ = {isa = PBXFileReference; fileEncoding = 4; lastKnownFileType = sourcecode.c.objc; name = BEMCircle.m; path = "Third Party/BEMSimpleLineGraph/BEMCircle.m"; sourceTree = SOURCE_ROOT; };
		F954E98A1B65E52C000F323F /* BEMLine.h */ = {isa = PBXFileReference; fileEncoding = 4; lastKnownFileType = sourcecode.c.h; name = BEMLine.h; path = "Third Party/BEMSimpleLineGraph/BEMLine.h"; sourceTree = SOURCE_ROOT; };
		F954E98B1B65E52C000F323F /* BEMLine.m */ = {isa = PBXFileReference; fileEncoding = 4; lastKnownFileType = sourcecode.c.objc; name = BEMLine.m; path = "Third Party/BEMSimpleLineGraph/BEMLine.m"; sourceTree = SOURCE_ROOT; };
		F954E98C1B65E52C000F323F /* BEMPermanentPopupView.h */ = {isa = PBXFileReference; fileEncoding = 4; lastKnownFileType = sourcecode.c.h; name = BEMPermanentPopupView.h; path = "Third Party/BEMSimpleLineGraph/BEMPermanentPopupView.h"; sourceTree = SOURCE_ROOT; };
		F954E98D1B65E52C000F323F /* BEMPermanentPopupView.m */ = {isa = PBXFileReference; fileEncoding = 4; lastKnownFileType = sourcecode.c.objc; name = BEMPermanentPopupView.m; path = "Third Party/BEMSimpleLineGraph/BEMPermanentPopupView.m"; sourceTree = SOURCE_ROOT; };
		F954E98E1B65E52C000F323F /* BEMSimpleLineGraphView.h */ = {isa = PBXFileReference; fileEncoding = 4; lastKnownFileType = sourcecode.c.h; name = BEMSimpleLineGraphView.h; path = "Third Party/BEMSimpleLineGraph/BEMSimpleLineGraphView.h"; sourceTree = SOURCE_ROOT; };
		F954E98F1B65E52C000F323F /* BEMSimpleLineGraphView.m */ = {isa = PBXFileReference; fileEncoding = 4; lastKnownFileType = sourcecode.c.objc; name = BEMSimpleLineGraphView.m; path = "Third Party/BEMSimpleLineGraph/BEMSimpleLineGraphView.m"; sourceTree = SOURCE_ROOT; };
		F9573F341B6BF3AA00AE4872 /* QuartzCore.framework */ = {isa = PBXFileReference; lastKnownFileType = wrapper.framework; name = QuartzCore.framework; path = System/Library/Frameworks/QuartzCore.framework; sourceTree = SDKROOT; };
		F95F53D11B6BFE5300CFF253 /* StadiumBlur.jpg */ = {isa = PBXFileReference; lastKnownFileType = image.jpeg; name = StadiumBlur.jpg; path = FantasyBasketball/Images/StadiumBlur.jpg; sourceTree = "<group>"; };
		F95F53D31B6BFECA00CFF253 /* LeftSideMenuViewController.h */ = {isa = PBXFileReference; fileEncoding = 4; lastKnownFileType = sourcecode.c.h; path = LeftSideMenuViewController.h; sourceTree = "<group>"; };
		F95F53D41B6BFECA00CFF253 /* LeftSideMenuViewController.m */ = {isa = PBXFileReference; fileEncoding = 4; lastKnownFileType = sourcecode.c.objc; path = LeftSideMenuViewController.m; sourceTree = "<group>"; };
		F95F53DE1B6C0FDE00CFF253 /* SettingsViewController.h */ = {isa = PBXFileReference; fileEncoding = 4; lastKnownFileType = sourcecode.c.h; path = SettingsViewController.h; sourceTree = "<group>"; };
		F95F53DF1B6C0FDE00CFF253 /* SettingsViewController.m */ = {isa = PBXFileReference; fileEncoding = 4; lastKnownFileType = sourcecode.c.objc; path = SettingsViewController.m; sourceTree = "<group>"; };
		F96590881A676DB2005384D1 /* FantasyBasketball.app */ = {isa = PBXFileReference; explicitFileType = wrapper.application; includeInIndex = 0; path = FantasyBasketball.app; sourceTree = BUILT_PRODUCTS_DIR; };
		F965908C1A676DB2005384D1 /* Info.plist */ = {isa = PBXFileReference; lastKnownFileType = text.plist.xml; path = Info.plist; sourceTree = "<group>"; };
		F965908D1A676DB2005384D1 /* main.m */ = {isa = PBXFileReference; lastKnownFileType = sourcecode.c.objc; path = main.m; sourceTree = "<group>"; };
		F965908F1A676DB2005384D1 /* AppDelegate.h */ = {isa = PBXFileReference; lastKnownFileType = sourcecode.c.h; path = AppDelegate.h; sourceTree = "<group>"; };
		F96590901A676DB2005384D1 /* AppDelegate.m */ = {isa = PBXFileReference; lastKnownFileType = sourcecode.c.objc; path = AppDelegate.m; sourceTree = "<group>"; };
		F96590991A676DB3005384D1 /* Base */ = {isa = PBXFileReference; lastKnownFileType = file.storyboard; name = Base; path = Base.lproj/Main.storyboard; sourceTree = "<group>"; };
		F965909B1A676DB3005384D1 /* Images.xcassets */ = {isa = PBXFileReference; lastKnownFileType = folder.assetcatalog; path = Images.xcassets; sourceTree = "<group>"; };
		F965909E1A676DB3005384D1 /* Base */ = {isa = PBXFileReference; lastKnownFileType = file.xib; name = Base; path = Base.lproj/LaunchScreen.xib; sourceTree = "<group>"; };
		F96590A41A676DB3005384D1 /* FantasyBasketballTests.xctest */ = {isa = PBXFileReference; explicitFileType = wrapper.cfbundle; includeInIndex = 0; path = FantasyBasketballTests.xctest; sourceTree = BUILT_PRODUCTS_DIR; };
		F96590A91A676DB3005384D1 /* Info.plist */ = {isa = PBXFileReference; lastKnownFileType = text.plist.xml; path = Info.plist; sourceTree = "<group>"; };
		F96590AA1A676DB3005384D1 /* FantasyBasketballTests.m */ = {isa = PBXFileReference; lastKnownFileType = sourcecode.c.objc; path = FantasyBasketballTests.m; sourceTree = "<group>"; };
		F96590B41A6773E8005384D1 /* MyTeamViewController.h */ = {isa = PBXFileReference; fileEncoding = 4; lastKnownFileType = sourcecode.c.h; path = MyTeamViewController.h; sourceTree = "<group>"; };
		F96590B51A6773E8005384D1 /* MyTeamViewController.m */ = {isa = PBXFileReference; fileEncoding = 4; lastKnownFileType = sourcecode.c.objc; path = MyTeamViewController.m; sourceTree = "<group>"; };
		F96590B71A677441005384D1 /* PlayersViewController.h */ = {isa = PBXFileReference; fileEncoding = 4; lastKnownFileType = sourcecode.c.h; path = PlayersViewController.h; sourceTree = "<group>"; };
		F96590B81A677441005384D1 /* PlayersViewController.m */ = {isa = PBXFileReference; fileEncoding = 4; lastKnownFileType = sourcecode.c.objc; path = PlayersViewController.m; sourceTree = "<group>"; };
		F96590CA1A67872E005384D1 /* libxml2.dylib */ = {isa = PBXFileReference; lastKnownFileType = "compiled.mach-o.dylib"; name = libxml2.dylib; path = usr/lib/libxml2.dylib; sourceTree = SDKROOT; };
		F96DAF421B6C2F2B00648CCF /* FBPickerView.h */ = {isa = PBXFileReference; fileEncoding = 4; lastKnownFileType = sourcecode.c.h; name = FBPickerView.h; path = FantasyBasketball/FBPickerView.h; sourceTree = "<group>"; };
		F96DAF431B6C2F2B00648CCF /* FBPickerView.m */ = {isa = PBXFileReference; fileEncoding = 4; lastKnownFileType = sourcecode.c.objc; name = FBPickerView.m; path = FantasyBasketball/FBPickerView.m; sourceTree = "<group>"; };
		F96DAF451B6C2F5200648CCF /* FBPickerView.xib */ = {isa = PBXFileReference; fileEncoding = 4; lastKnownFileType = file.xib; name = FBPickerView.xib; path = FantasyBasketball/FBPickerView.xib; sourceTree = "<group>"; };
		F970637E1A6C98B800A50A43 /* PlayerViewController.h */ = {isa = PBXFileReference; fileEncoding = 4; lastKnownFileType = sourcecode.c.h; path = PlayerViewController.h; sourceTree = "<group>"; };
		F970637F1A6C98B800A50A43 /* PlayerViewController.m */ = {isa = PBXFileReference; fileEncoding = 4; lastKnownFileType = sourcecode.c.objc; path = PlayerViewController.m; sourceTree = "<group>"; };
		F97063811A6C98D600A50A43 /* WebViewController.h */ = {isa = PBXFileReference; fileEncoding = 4; lastKnownFileType = sourcecode.c.h; path = WebViewController.h; sourceTree = "<group>"; };
		F97063821A6C98D700A50A43 /* WebViewController.m */ = {isa = PBXFileReference; fileEncoding = 4; lastKnownFileType = sourcecode.c.objc; path = WebViewController.m; sourceTree = "<group>"; };
		F9908DFD1AA250F0008DF9D8 /* MatchupPlayerCell.h */ = {isa = PBXFileReference; fileEncoding = 4; lastKnownFileType = sourcecode.c.h; name = MatchupPlayerCell.h; path = FantasyBasketball/MatchupPlayerCell.h; sourceTree = "<group>"; };
		F9908DFE1AA250F0008DF9D8 /* MatchupPlayerCell.m */ = {isa = PBXFileReference; fileEncoding = 4; lastKnownFileType = sourcecode.c.objc; name = MatchupPlayerCell.m; path = FantasyBasketball/MatchupPlayerCell.m; sourceTree = "<group>"; };
		F991B1811BE6D0E0008A4EA6 /* FBCoreDataModel.xcdatamodel */ = {isa = PBXFileReference; lastKnownFileType = wrapper.xcdatamodel; path = FBCoreDataModel.xcdatamodel; sourceTree = "<group>"; };
		F991B1831BE6D1D5008A4EA6 /* FBSession+CoreDataProperties.h */ = {isa = PBXFileReference; fileEncoding = 4; lastKnownFileType = sourcecode.c.h; name = "FBSession+CoreDataProperties.h"; path = "Classes/FBSession+CoreDataProperties.h"; sourceTree = "<group>"; };
		F991B1841BE6D1D5008A4EA6 /* FBSession+CoreDataProperties.m */ = {isa = PBXFileReference; fileEncoding = 4; lastKnownFileType = sourcecode.c.objc; name = "FBSession+CoreDataProperties.m"; path = "Classes/FBSession+CoreDataProperties.m"; sourceTree = "<group>"; };
		F991B1851BE6D1D5008A4EA6 /* FBSession.h */ = {isa = PBXFileReference; fileEncoding = 4; lastKnownFileType = sourcecode.c.h; name = FBSession.h; path = Classes/FBSession.h; sourceTree = "<group>"; };
		F991B1861BE6D1D5008A4EA6 /* FBSession.m */ = {isa = PBXFileReference; fileEncoding = 4; lastKnownFileType = sourcecode.c.objc; name = FBSession.m; path = Classes/FBSession.m; sourceTree = "<group>"; };
		F991B1891BE6F04C008A4EA6 /* SessionViewController.h */ = {isa = PBXFileReference; fileEncoding = 4; lastKnownFileType = sourcecode.c.h; path = SessionViewController.h; sourceTree = "<group>"; };
		F991B18A1BE6F04C008A4EA6 /* SessionViewController.m */ = {isa = PBXFileReference; fileEncoding = 4; lastKnownFileType = sourcecode.c.objc; path = SessionViewController.m; sourceTree = "<group>"; };
		F9947F691B66A44E008F9B70 /* CoreGraphics.framework */ = {isa = PBXFileReference; lastKnownFileType = wrapper.framework; name = CoreGraphics.framework; path = System/Library/Frameworks/CoreGraphics.framework; sourceTree = SDKROOT; };
		F9947F6B1B66A456008F9B70 /* UIKit.framework */ = {isa = PBXFileReference; lastKnownFileType = wrapper.framework; name = UIKit.framework; path = System/Library/Frameworks/UIKit.framework; sourceTree = SDKROOT; };
		F9947F6D1B66A45F008F9B70 /* Foundation.framework */ = {isa = PBXFileReference; lastKnownFileType = wrapper.framework; name = Foundation.framework; path = System/Library/Frameworks/Foundation.framework; sourceTree = SDKROOT; };
		F9AAF1981E0F5B4200A0C065 /* FBWinProbabilityGame.h */ = {isa = PBXFileReference; fileEncoding = 4; lastKnownFileType = sourcecode.c.h; name = FBWinProbabilityGame.h; path = Classes/FBWinProbabilityGame.h; sourceTree = "<group>"; };
		F9AAF1991E0F5B4200A0C065 /* FBWinProbabilityGame.m */ = {isa = PBXFileReference; fileEncoding = 4; lastKnownFileType = sourcecode.c.objc; name = FBWinProbabilityGame.m; path = Classes/FBWinProbabilityGame.m; sourceTree = "<group>"; };
		F9CA8B391C07A66600771533 /* WebKit.framework */ = {isa = PBXFileReference; lastKnownFileType = wrapper.framework; name = WebKit.framework; path = System/Library/Frameworks/WebKit.framework; sourceTree = SDKROOT; };
		F9D7023A1A9F678000AAEB18 /* PlayerCell.h */ = {isa = PBXFileReference; fileEncoding = 4; lastKnownFileType = sourcecode.c.h; name = PlayerCell.h; path = FantasyBasketball/PlayerCell.h; sourceTree = "<group>"; };
		F9D7023B1A9F678000AAEB18 /* PlayerCell.m */ = {isa = PBXFileReference; fileEncoding = 4; lastKnownFileType = sourcecode.c.objc; name = PlayerCell.m; path = FantasyBasketball/PlayerCell.m; sourceTree = "<group>"; };
		F9DB2EF11B66A25E00B7AC82 /* FanstasyBaskeyballPrefixHeader.pch */ = {isa = PBXFileReference; lastKnownFileType = sourcecode.c.h; path = FanstasyBaskeyballPrefixHeader.pch; sourceTree = "<group>"; };
		F9E5F20C1BEEAC04003E8CAA /* NewsViewController.h */ = {isa = PBXFileReference; fileEncoding = 4; lastKnownFileType = sourcecode.c.h; path = NewsViewController.h; sourceTree = "<group>"; };
		F9E5F20D1BEEAC04003E8CAA /* NewsViewController.m */ = {isa = PBXFileReference; fileEncoding = 4; lastKnownFileType = sourcecode.c.objc; path = NewsViewController.m; sourceTree = "<group>"; };
		F9E5F2101BEEAE42003E8CAA /* WatchListViewController.h */ = {isa = PBXFileReference; fileEncoding = 4; lastKnownFileType = sourcecode.c.h; path = WatchListViewController.h; sourceTree = "<group>"; };
		F9E5F2111BEEAE42003E8CAA /* WatchListViewController.m */ = {isa = PBXFileReference; fileEncoding = 4; lastKnownFileType = sourcecode.c.objc; path = WatchListViewController.m; sourceTree = "<group>"; };
		F9E5F2131BEEAE4F003E8CAA /* ScoreboardViewController.h */ = {isa = PBXFileReference; fileEncoding = 4; lastKnownFileType = sourcecode.c.h; path = ScoreboardViewController.h; sourceTree = "<group>"; };
		F9E5F2141BEEAE4F003E8CAA /* ScoreboardViewController.m */ = {isa = PBXFileReference; fileEncoding = 4; lastKnownFileType = sourcecode.c.objc; path = ScoreboardViewController.m; sourceTree = "<group>"; };
		F9E5F2161BEEAE5C003E8CAA /* StandingsViewController.h */ = {isa = PBXFileReference; fileEncoding = 4; lastKnownFileType = sourcecode.c.h; path = StandingsViewController.h; sourceTree = "<group>"; };
		F9E5F2171BEEAE5C003E8CAA /* StandingsViewController.m */ = {isa = PBXFileReference; fileEncoding = 4; lastKnownFileType = sourcecode.c.objc; path = StandingsViewController.m; sourceTree = "<group>"; };
		F9EDB5121C097B84007E752F /* StadiumBlur2.jpg */ = {isa = PBXFileReference; lastKnownFileType = image.jpeg; name = StadiumBlur2.jpg; path = FantasyBasketball/Images/StadiumBlur2.jpg; sourceTree = "<group>"; };
		F9F818591B6ABA0700EE70E7 /* FBPlayer.h */ = {isa = PBXFileReference; fileEncoding = 4; lastKnownFileType = sourcecode.c.h; name = FBPlayer.h; path = Classes/FBPlayer.h; sourceTree = "<group>"; };
		F9F8185A1B6ABA0700EE70E7 /* FBPlayer.m */ = {isa = PBXFileReference; fileEncoding = 4; lastKnownFileType = sourcecode.c.objc; name = FBPlayer.m; path = Classes/FBPlayer.m; sourceTree = "<group>"; };
		F9F9877B1C096A48007C3BE9 /* FBIcon.png */ = {isa = PBXFileReference; lastKnownFileType = image.png; name = FBIcon.png; path = FantasyBasketball/Images/FBIcon.png; sourceTree = "<group>"; };
		F9F9877D1C097268007C3BE9 /* ScoreboardCell.h */ = {isa = PBXFileReference; fileEncoding = 4; lastKnownFileType = sourcecode.c.h; name = ScoreboardCell.h; path = FantasyBasketball/ScoreboardCell.h; sourceTree = "<group>"; };
		F9F9877E1C097268007C3BE9 /* ScoreboardCell.m */ = {isa = PBXFileReference; fileEncoding = 4; lastKnownFileType = sourcecode.c.objc; name = ScoreboardCell.m; path = FantasyBasketball/ScoreboardCell.m; sourceTree = "<group>"; };
/* End PBXFileReference section */

/* Begin PBXFrameworksBuildPhase section */
		50ABFF891F956560007AB627 /* Frameworks */ = {
			isa = PBXFrameworksBuildPhase;
			buildActionMask = 2147483647;
			files = (
				50ABFFAC1F957255007AB627 /* libxml2.2.dylib in Frameworks */,
				50ABFF8D1F956560007AB627 /* NotificationCenter.framework in Frameworks */,
				9637B00BAC7B9F4A7E401A96 /* libPods-Fantasy Basketball.a in Frameworks */,
			);
			runOnlyForDeploymentPostprocessing = 0;
		};
		F96590851A676DB2005384D1 /* Frameworks */ = {
			isa = PBXFrameworksBuildPhase;
			buildActionMask = 2147483647;
			files = (
				F9CA8B3A1C07A66600771533 /* WebKit.framework in Frameworks */,
				F9573F351B6BF3AA00AE4872 /* QuartzCore.framework in Frameworks */,
				F9947F6E1B66A45F008F9B70 /* Foundation.framework in Frameworks */,
				F9947F6C1B66A456008F9B70 /* UIKit.framework in Frameworks */,
				F9947F6A1B66A44E008F9B70 /* CoreGraphics.framework in Frameworks */,
				F96590CB1A67872E005384D1 /* libxml2.dylib in Frameworks */,
				68192259E82B91EEEE6CE6FC /* libPods-FantasyBasketball.a in Frameworks */,
			);
			runOnlyForDeploymentPostprocessing = 0;
		};
		F96590A11A676DB3005384D1 /* Frameworks */ = {
			isa = PBXFrameworksBuildPhase;
			buildActionMask = 2147483647;
			files = (
				DAD741FB8C0C8FA99F0EEA49 /* libPods-FantasyBasketballTests.a in Frameworks */,
			);
			runOnlyForDeploymentPostprocessing = 0;
		};
/* End PBXFrameworksBuildPhase section */

/* Begin PBXGroup section */
		50ABFF8E1F956560007AB627 /* Fantasy Basketball */ = {
			isa = PBXGroup;
			children = (
				50ABFFA41F956EA0007AB627 /* Fantasy Basketball.entitlements */,
				50ABFF8F1F956560007AB627 /* TodayViewController.h */,
				50ABFF901F956560007AB627 /* TodayViewController.m */,
				50ABFF921F956560007AB627 /* MainInterface.storyboard */,
				50ABFF951F956560007AB627 /* Info.plist */,
			);
			path = "Fantasy Basketball";
			sourceTree = "<group>";
		};
		9F4FCE3A2CD998F6E4EA72BE /* Pods */ = {
			isa = PBXGroup;
			children = (
				722489F9C43580DF05AF8309 /* Pods-Fantasy Basketball.debug.xcconfig */,
				46A9D1CA45B5CFD889DDE265 /* Pods-Fantasy Basketball.release.xcconfig */,
				EEBECDFE64BEDB4E46B7C20B /* Pods-FantasyBasketball.debug.xcconfig */,
				BFB6DC3A6ECAE8D4487F85DC /* Pods-FantasyBasketball.release.xcconfig */,
				3C13CAD95BCEDD1E38D717A1 /* Pods-FantasyBasketballTests.debug.xcconfig */,
				54D846C71E2E1A6570CCC85D /* Pods-FantasyBasketballTests.release.xcconfig */,
			);
			name = Pods;
			sourceTree = "<group>";
		};
		F90461DF1A6C2A29008A2C8E /* Frameworks */ = {
			isa = PBXGroup;
			children = (
				50ABFFAB1F957255007AB627 /* libxml2.2.dylib */,
				50ABFFA71F957095007AB627 /* libxml2.2.tbd */,
				F9CA8B391C07A66600771533 /* WebKit.framework */,
				F9573F341B6BF3AA00AE4872 /* QuartzCore.framework */,
				F9947F6D1B66A45F008F9B70 /* Foundation.framework */,
				F9947F6B1B66A456008F9B70 /* UIKit.framework */,
				F9947F691B66A44E008F9B70 /* CoreGraphics.framework */,
				F90461E01A6C2A29008A2C8E /* NotificationCenter.framework */,
				9DB2534FC3C9F2BE9E0D3AC0 /* libPods-Fantasy Basketball.a */,
				ABC2724644021577544FAD08 /* libPods-FantasyBasketball.a */,
				81AE1371DD205E740B5D5852 /* libPods-FantasyBasketballTests.a */,
			);
			name = Frameworks;
			sourceTree = "<group>";
		};
		F904F3B41B6C8FA600B7BD37 /* Left Menu */ = {
			isa = PBXGroup;
			children = (
				F95F53D31B6BFECA00CFF253 /* LeftSideMenuViewController.h */,
				F95F53D41B6BFECA00CFF253 /* LeftSideMenuViewController.m */,
			);
			name = "Left Menu";
			sourceTree = "<group>";
		};
		F93DAD071E08F07900B5F5FF /* WinProbablity */ = {
			isa = PBXGroup;
			children = (
				F93DAD011E08EC9500B5F5FF /* FBWinProbablity.h */,
				F93DAD021E08EC9500B5F5FF /* FBWinProbablity.m */,
				F93DAD041E08F07100B5F5FF /* FBWinProbablityPlayer.h */,
				F93DAD051E08F07100B5F5FF /* FBWinProbablityPlayer.m */,
				F9AAF1981E0F5B4200A0C065 /* FBWinProbabilityGame.h */,
				F9AAF1991E0F5B4200A0C065 /* FBWinProbabilityGame.m */,
			);
			name = WinProbablity;
			sourceTree = "<group>";
		};
		F954E9851B65E507000F323F /* BEMLineGraph */ = {
			isa = PBXGroup;
			children = (
				F954E9861B65E52C000F323F /* BEMAverageLine.h */,
				F954E9871B65E52C000F323F /* BEMAverageLine.m */,
				F954E9881B65E52C000F323F /* BEMCircle.h */,
				F954E9891B65E52C000F323F /* BEMCircle.m */,
				F954E98A1B65E52C000F323F /* BEMLine.h */,
				F954E98B1B65E52C000F323F /* BEMLine.m */,
				F954E98C1B65E52C000F323F /* BEMPermanentPopupView.h */,
				F954E98D1B65E52C000F323F /* BEMPermanentPopupView.m */,
				F954E98E1B65E52C000F323F /* BEMSimpleLineGraphView.h */,
				F954E98F1B65E52C000F323F /* BEMSimpleLineGraphView.m */,
			);
			name = BEMLineGraph;
			path = FantasyBasketball;
			sourceTree = "<group>";
		};
		F965907F1A676DB2005384D1 = {
			isa = PBXGroup;
			children = (
				F965908A1A676DB2005384D1 /* FantasyBasketball */,
				F9E4AE261B65515A006CFDE4 /* Third Party */,
				F9908E021AA26365008DF9D8 /* Images */,
				F96590A71A676DB3005384D1 /* FantasyBasketballTests */,
				50ABFF8E1F956560007AB627 /* Fantasy Basketball */,
				F90461DF1A6C2A29008A2C8E /* Frameworks */,
				F96590891A676DB2005384D1 /* Products */,
				9F4FCE3A2CD998F6E4EA72BE /* Pods */,
			);
			sourceTree = "<group>";
		};
		F96590891A676DB2005384D1 /* Products */ = {
			isa = PBXGroup;
			children = (
				F96590881A676DB2005384D1 /* FantasyBasketball.app */,
				F96590A41A676DB3005384D1 /* FantasyBasketballTests.xctest */,
				50ABFF8C1F956560007AB627 /* Fantasy Basketball.appex */,
			);
			name = Products;
			sourceTree = "<group>";
		};
		F965908A1A676DB2005384D1 /* FantasyBasketball */ = {
			isa = PBXGroup;
			children = (
				F9E4AE251B655150006CFDE4 /* Classes */,
				F97303DC1B655A8C00193A1D /* View Controllers */,
				F96590981A676DB3005384D1 /* Main.storyboard */,
				F965908F1A676DB2005384D1 /* AppDelegate.h */,
				F96590901A676DB2005384D1 /* AppDelegate.m */,
				F991B1801BE6D0E0008A4EA6 /* FBCoreDataModel.xcdatamodeld */,
				F965909B1A676DB3005384D1 /* Images.xcassets */,
				F965908B1A676DB2005384D1 /* Supporting Files */,
			);
			path = FantasyBasketball;
			sourceTree = "<group>";
		};
		F965908B1A676DB2005384D1 /* Supporting Files */ = {
			isa = PBXGroup;
			children = (
				50ABFFA31F956E89007AB627 /* FantasyBasketball.entitlements */,
				F965909D1A676DB3005384D1 /* LaunchScreen.xib */,
				F9DB2EF11B66A25E00B7AC82 /* FanstasyBaskeyballPrefixHeader.pch */,
				F965908C1A676DB2005384D1 /* Info.plist */,
				F965908D1A676DB2005384D1 /* main.m */,
			);
			name = "Supporting Files";
			sourceTree = "<group>";
		};
		F96590A71A676DB3005384D1 /* FantasyBasketballTests */ = {
			isa = PBXGroup;
			children = (
				F96590AA1A676DB3005384D1 /* FantasyBasketballTests.m */,
				F96590A81A676DB3005384D1 /* Supporting Files */,
			);
			path = FantasyBasketballTests;
			sourceTree = "<group>";
		};
		F96590A81A676DB3005384D1 /* Supporting Files */ = {
			isa = PBXGroup;
			children = (
				F96590A91A676DB3005384D1 /* Info.plist */,
			);
			name = "Supporting Files";
			sourceTree = "<group>";
		};
		F96590C01A6785F0005384D1 /* hpple */ = {
			isa = PBXGroup;
			children = (
				F96590CA1A67872E005384D1 /* libxml2.dylib */,
				F954E97C1B65E501000F323F /* TFHpple.h */,
				F954E97D1B65E501000F323F /* TFHpple.m */,
				F954E97E1B65E501000F323F /* TFHppleElement.h */,
				F954E97F1B65E501000F323F /* TFHppleElement.m */,
				F954E9801B65E501000F323F /* XPathQuery.h */,
				F954E9811B65E501000F323F /* XPathQuery.m */,
			);
			name = hpple;
			path = FantasyBasketball;
			sourceTree = "<group>";
		};
		F97303DC1B655A8C00193A1D /* View Controllers */ = {
			isa = PBXGroup;
			children = (
				F904F3A51B6C665600B7BD37 /* FBViewController.h */,
				F904F3A61B6C665600B7BD37 /* FBViewController.m */,
				F97303E11B655ACD00193A1D /* Settings */,
				F97303DD1B655AA500193A1D /* Matchup */,
				F97303DE1B655AAE00193A1D /* My Team */,
				F9E5F20F1BEEAC0F003E8CAA /* News */,
				F9E5F21B1BEEAE74003E8CAA /* Watch List */,
				F97303DF1B655AB800193A1D /* Players */,
				F97303E01B655AC300193A1D /* Daily Leaders */,
				F9E5F21A1BEEAE68003E8CAA /* Scoreboard */,
				F9E5F2191BEEAE61003E8CAA /* Standings */,
				F97303E21B655AD300193A1D /* Player Details */,
				F97303E31B655ADC00193A1D /* Web Page */,
				F904F3B41B6C8FA600B7BD37 /* Left Menu */,
			);
			name = "View Controllers";
			sourceTree = "<group>";
		};
		F97303DD1B655AA500193A1D /* Matchup */ = {
			isa = PBXGroup;
			children = (
				F933F76F1A6B5414009E24D8 /* MatchupViewController.h */,
				F933F7701A6B5414009E24D8 /* MatchupViewController.m */,
			);
			name = Matchup;
			sourceTree = "<group>";
		};
		F97303DE1B655AAE00193A1D /* My Team */ = {
			isa = PBXGroup;
			children = (
				F96590B41A6773E8005384D1 /* MyTeamViewController.h */,
				F96590B51A6773E8005384D1 /* MyTeamViewController.m */,
			);
			name = "My Team";
			sourceTree = "<group>";
		};
		F97303DF1B655AB800193A1D /* Players */ = {
			isa = PBXGroup;
			children = (
				F96590B71A677441005384D1 /* PlayersViewController.h */,
				F96590B81A677441005384D1 /* PlayersViewController.m */,
			);
			name = Players;
			sourceTree = "<group>";
		};
		F97303E01B655AC300193A1D /* Daily Leaders */ = {
			isa = PBXGroup;
			children = (
				F933F76C1A6B2585009E24D8 /* DailyLeadersViewController.h */,
				F933F76D1A6B2585009E24D8 /* DailyLeadersViewController.m */,
			);
			name = "Daily Leaders";
			sourceTree = "<group>";
		};
		F97303E11B655ACD00193A1D /* Settings */ = {
			isa = PBXGroup;
			children = (
				F95F53DE1B6C0FDE00CFF253 /* SettingsViewController.h */,
				F95F53DF1B6C0FDE00CFF253 /* SettingsViewController.m */,
				F991B1891BE6F04C008A4EA6 /* SessionViewController.h */,
				F991B18A1BE6F04C008A4EA6 /* SessionViewController.m */,
			);
			name = Settings;
			sourceTree = "<group>";
		};
		F97303E21B655AD300193A1D /* Player Details */ = {
			isa = PBXGroup;
			children = (
				F970637E1A6C98B800A50A43 /* PlayerViewController.h */,
				F970637F1A6C98B800A50A43 /* PlayerViewController.m */,
			);
			name = "Player Details";
			sourceTree = "<group>";
		};
		F97303E31B655ADC00193A1D /* Web Page */ = {
			isa = PBXGroup;
			children = (
				F97063811A6C98D600A50A43 /* WebViewController.h */,
				F97063821A6C98D700A50A43 /* WebViewController.m */,
			);
			name = "Web Page";
			sourceTree = "<group>";
		};
		F9908E021AA26365008DF9D8 /* Images */ = {
			isa = PBXGroup;
			children = (
				F93CC15F1C0A55320078E5FA /* WL-Off.png */,
				F93CC1601C0A55320078E5FA /* WL-On.png */,
				F904F3B01B6C8E8100B7BD37 /* DL@2x.png */,
				F904F3B11B6C8E8100B7BD37 /* GR@2x.png */,
				F904F3A81B6C8E7B00B7BD37 /* MA@2x.png */,
				F904F3A91B6C8E7B00B7BD37 /* MY@2x.png */,
				F904F3AA1B6C8E7B00B7BD37 /* PL@2x.png */,
				F904F3AB1B6C8E7B00B7BD37 /* SE@2x.png */,
				F9528BB81C0661F500B421DC /* NE@2x.png */,
				F9528BBA1C06620D00B421DC /* SC@2x.png */,
				F9528BBB1C06620D00B421DC /* ST@2x.png */,
				F9528BBC1C06620D00B421DC /* WL@2x.png */,
				F918BB141B6D344A00E927C4 /* basketball@2x.png */,
				F95F53D11B6BFE5300CFF253 /* StadiumBlur.jpg */,
				F9EDB5121C097B84007E752F /* StadiumBlur2.jpg */,
				F9F9877B1C096A48007C3BE9 /* FBIcon.png */,
			);
			name = Images;
			sourceTree = "<group>";
		};
		F9E4AE231B655101006CFDE4 /* User Interface */ = {
			isa = PBXGroup;
			children = (
				F9D7023A1A9F678000AAEB18 /* PlayerCell.h */,
				F9D7023B1A9F678000AAEB18 /* PlayerCell.m */,
				F9908DFD1AA250F0008DF9D8 /* MatchupPlayerCell.h */,
				F9908DFE1AA250F0008DF9D8 /* MatchupPlayerCell.m */,
				F9F9877D1C097268007C3BE9 /* ScoreboardCell.h */,
				F9F9877E1C097268007C3BE9 /* ScoreboardCell.m */,
				F937FCFB1C0BAE7A002D545E /* FBNewsSelectorView.h */,
				F937FCFC1C0BAE7A002D545E /* FBNewsSelectorView.m */,
				F937FCFD1C0BAE7A002D545E /* FBNewsSelectorView.xib */,
				F96DAF421B6C2F2B00648CCF /* FBPickerView.h */,
				F96DAF431B6C2F2B00648CCF /* FBPickerView.m */,
				F96DAF451B6C2F5200648CCF /* FBPickerView.xib */,
				F91315291BEC2C3A007ADCD2 /* UIColor+FBColors.h */,
				F913152A1BEC2C3A007ADCD2 /* UIColor+FBColors.m */,
			);
			name = "User Interface";
			sourceTree = "<group>";
		};
		F9E4AE241B655122006CFDE4 /* Models */ = {
			isa = PBXGroup;
			children = (
				F9F818591B6ABA0700EE70E7 /* FBPlayer.h */,
				F9F8185A1B6ABA0700EE70E7 /* FBPlayer.m */,
				F991B1851BE6D1D5008A4EA6 /* FBSession.h */,
				F991B1861BE6D1D5008A4EA6 /* FBSession.m */,
				F93DAD071E08F07900B5F5FF /* WinProbablity */,
				F991B1831BE6D1D5008A4EA6 /* FBSession+CoreDataProperties.h */,
				F991B1841BE6D1D5008A4EA6 /* FBSession+CoreDataProperties.m */,
				F93CC15B1C0A47EF0078E5FA /* FBWatchList.h */,
				F93CC15C1C0A47EF0078E5FA /* FBWatchList.m */,
				F93CC1591C0A47EF0078E5FA /* FBWatchList+CoreDataProperties.h */,
				F93CC15A1C0A47EF0078E5FA /* FBWatchList+CoreDataProperties.m */,
				F937FD021C0BC0E8002D545E /* FBNewsSettings.h */,
				F937FD031C0BC0E8002D545E /* FBNewsSettings.m */,
				F937FD001C0BC0E8002D545E /* FBNewsSettings+CoreDataProperties.h */,
				F937FD011C0BC0E8002D545E /* FBNewsSettings+CoreDataProperties.m */,
			);
			name = Models;
			sourceTree = "<group>";
		};
		F9E4AE251B655150006CFDE4 /* Classes */ = {
			isa = PBXGroup;
			children = (
				F9E4AE241B655122006CFDE4 /* Models */,
				F9E4AE231B655101006CFDE4 /* User Interface */,
			);
			name = Classes;
			path = ..;
			sourceTree = "<group>";
		};
		F9E4AE261B65515A006CFDE4 /* Third Party */ = {
			isa = PBXGroup;
			children = (
				F96590C01A6785F0005384D1 /* hpple */,
				F954E9851B65E507000F323F /* BEMLineGraph */,
			);
			name = "Third Party";
			sourceTree = "<group>";
		};
		F9E5F20F1BEEAC0F003E8CAA /* News */ = {
			isa = PBXGroup;
			children = (
				F9E5F20C1BEEAC04003E8CAA /* NewsViewController.h */,
				F9E5F20D1BEEAC04003E8CAA /* NewsViewController.m */,
			);
			name = News;
			sourceTree = "<group>";
		};
		F9E5F2191BEEAE61003E8CAA /* Standings */ = {
			isa = PBXGroup;
			children = (
				F9E5F2161BEEAE5C003E8CAA /* StandingsViewController.h */,
				F9E5F2171BEEAE5C003E8CAA /* StandingsViewController.m */,
			);
			name = Standings;
			sourceTree = "<group>";
		};
		F9E5F21A1BEEAE68003E8CAA /* Scoreboard */ = {
			isa = PBXGroup;
			children = (
				F9E5F2131BEEAE4F003E8CAA /* ScoreboardViewController.h */,
				F9E5F2141BEEAE4F003E8CAA /* ScoreboardViewController.m */,
			);
			name = Scoreboard;
			sourceTree = "<group>";
		};
		F9E5F21B1BEEAE74003E8CAA /* Watch List */ = {
			isa = PBXGroup;
			children = (
				F9E5F2101BEEAE42003E8CAA /* WatchListViewController.h */,
				F9E5F2111BEEAE42003E8CAA /* WatchListViewController.m */,
			);
			name = "Watch List";
			sourceTree = "<group>";
		};
/* End PBXGroup section */

/* Begin PBXNativeTarget section */
		50ABFF8B1F956560007AB627 /* Fantasy Basketball */ = {
			isa = PBXNativeTarget;
			buildConfigurationList = 50ABFF991F956560007AB627 /* Build configuration list for PBXNativeTarget "Fantasy Basketball" */;
			buildPhases = (
				5DFB05765C94A9B48D1EF7AB /* [CP] Check Pods Manifest.lock */,
				50ABFF881F956560007AB627 /* Sources */,
				50ABFF891F956560007AB627 /* Frameworks */,
				50ABFF8A1F956560007AB627 /* Resources */,
				F5531F127417CE2DD8A9B433 /* [CP] Copy Pods Resources */,
			);
			buildRules = (
			);
			dependencies = (
			);
			name = "Fantasy Basketball";
			productName = "Fantasy Basketball";
			productReference = 50ABFF8C1F956560007AB627 /* Fantasy Basketball.appex */;
			productType = "com.apple.product-type.app-extension";
		};
		F96590871A676DB2005384D1 /* FantasyBasketball */ = {
			isa = PBXNativeTarget;
			buildConfigurationList = F96590AE1A676DB3005384D1 /* Build configuration list for PBXNativeTarget "FantasyBasketball" */;
			buildPhases = (
				2A13267CE0221360FEAF24B4 /* [CP] Check Pods Manifest.lock */,
				F96590841A676DB2005384D1 /* Sources */,
				F96590851A676DB2005384D1 /* Frameworks */,
				F96590861A676DB2005384D1 /* Resources */,
				F90461F01A6C2A2A008A2C8E /* Embed App Extensions */,
				2AF3A499F3647F00BCFCF97F /* [CP] Embed Pods Frameworks */,
				8F8D86D6BA57D0FA1F385E66 /* [CP] Copy Pods Resources */,
			);
			buildRules = (
			);
			dependencies = (
				50ABFF971F956560007AB627 /* PBXTargetDependency */,
			);
			name = FantasyBasketball;
			productName = FantasyBasketball;
			productReference = F96590881A676DB2005384D1 /* FantasyBasketball.app */;
			productType = "com.apple.product-type.application";
		};
		F96590A31A676DB3005384D1 /* FantasyBasketballTests */ = {
			isa = PBXNativeTarget;
			buildConfigurationList = F96590B11A676DB3005384D1 /* Build configuration list for PBXNativeTarget "FantasyBasketballTests" */;
			buildPhases = (
				B23CEB55B69BD947A1BC25F3 /* [CP] Check Pods Manifest.lock */,
				F96590A01A676DB3005384D1 /* Sources */,
				F96590A11A676DB3005384D1 /* Frameworks */,
				F96590A21A676DB3005384D1 /* Resources */,
				132138A13CC89AB942759678 /* [CP] Embed Pods Frameworks */,
				4D9322C0840C4BE4E61CE86E /* [CP] Copy Pods Resources */,
			);
			buildRules = (
			);
			dependencies = (
				F96590A61A676DB3005384D1 /* PBXTargetDependency */,
			);
			name = FantasyBasketballTests;
			productName = FantasyBasketballTests;
			productReference = F96590A41A676DB3005384D1 /* FantasyBasketballTests.xctest */;
			productType = "com.apple.product-type.bundle.unit-test";
		};
/* End PBXNativeTarget section */

/* Begin PBXProject section */
		F96590801A676DB2005384D1 /* Project object */ = {
			isa = PBXProject;
			attributes = {
				LastUpgradeCheck = 0910;
				ORGANIZATIONNAME = CD;
				TargetAttributes = {
					50ABFF8B1F956560007AB627 = {
						CreatedOnToolsVersion = 9.1;
						DevelopmentTeam = Q82S7VERUD;
						ProvisioningStyle = Automatic;
						SystemCapabilities = {
							com.apple.ApplicationGroups.iOS = {
								enabled = 1;
							};
						};
					};
					F96590871A676DB2005384D1 = {
						CreatedOnToolsVersion = 6.1.1;
						DevelopmentTeam = Q82S7VERUD;
						SystemCapabilities = {
							com.apple.ApplicationGroups.iOS = {
								enabled = 1;
							};
						};
					};
					F96590A31A676DB3005384D1 = {
						CreatedOnToolsVersion = 6.1.1;
						TestTargetID = F96590871A676DB2005384D1;
					};
				};
			};
			buildConfigurationList = F96590831A676DB2005384D1 /* Build configuration list for PBXProject "FantasyBasketball" */;
			compatibilityVersion = "Xcode 3.2";
			developmentRegion = English;
			hasScannedForEncodings = 0;
			knownRegions = (
				en,
				Base,
			);
			mainGroup = F965907F1A676DB2005384D1;
			productRefGroup = F96590891A676DB2005384D1 /* Products */;
			projectDirPath = "";
			projectRoot = "";
			targets = (
				F96590871A676DB2005384D1 /* FantasyBasketball */,
				F96590A31A676DB3005384D1 /* FantasyBasketballTests */,
				50ABFF8B1F956560007AB627 /* Fantasy Basketball */,
			);
		};
/* End PBXProject section */

/* Begin PBXResourcesBuildPhase section */
		50ABFF8A1F956560007AB627 /* Resources */ = {
			isa = PBXResourcesBuildPhase;
			buildActionMask = 2147483647;
			files = (
				50ABFF941F956560007AB627 /* MainInterface.storyboard in Resources */,
			);
			runOnlyForDeploymentPostprocessing = 0;
		};
		F96590861A676DB2005384D1 /* Resources */ = {
			isa = PBXResourcesBuildPhase;
			buildActionMask = 2147483647;
			files = (
				F904F3B21B6C8E8100B7BD37 /* DL@2x.png in Resources */,
				F965909A1A676DB3005384D1 /* Main.storyboard in Resources */,
				F937FCFF1C0BAE7A002D545E /* FBNewsSelectorView.xib in Resources */,
				F9528BBF1C06620D00B421DC /* WL@2x.png in Resources */,
				F96DAF461B6C2F5200648CCF /* FBPickerView.xib in Resources */,
				F93CC1611C0A55320078E5FA /* WL-Off.png in Resources */,
				F904F3B31B6C8E8100B7BD37 /* GR@2x.png in Resources */,
				F95F53D21B6BFE5300CFF253 /* StadiumBlur.jpg in Resources */,
				F9F9877C1C096A48007C3BE9 /* FBIcon.png in Resources */,
				F904F3AC1B6C8E7B00B7BD37 /* MA@2x.png in Resources */,
				F904F3AF1B6C8E7B00B7BD37 /* SE@2x.png in Resources */,
				F9EDB5131C097B84007E752F /* StadiumBlur2.jpg in Resources */,
				F9528BB91C0661F500B421DC /* NE@2x.png in Resources */,
				F904F3AD1B6C8E7B00B7BD37 /* MY@2x.png in Resources */,
				F904F3AE1B6C8E7B00B7BD37 /* PL@2x.png in Resources */,
				F9528BBD1C06620D00B421DC /* SC@2x.png in Resources */,
				F965909F1A676DB3005384D1 /* LaunchScreen.xib in Resources */,
				F918BB151B6D344A00E927C4 /* basketball@2x.png in Resources */,
				F93CC1621C0A55320078E5FA /* WL-On.png in Resources */,
				F9528BBE1C06620D00B421DC /* ST@2x.png in Resources */,
				F965909C1A676DB3005384D1 /* Images.xcassets in Resources */,
			);
			runOnlyForDeploymentPostprocessing = 0;
		};
		F96590A21A676DB3005384D1 /* Resources */ = {
			isa = PBXResourcesBuildPhase;
			buildActionMask = 2147483647;
			files = (
			);
			runOnlyForDeploymentPostprocessing = 0;
		};
/* End PBXResourcesBuildPhase section */

/* Begin PBXShellScriptBuildPhase section */
		132138A13CC89AB942759678 /* [CP] Embed Pods Frameworks */ = {
			isa = PBXShellScriptBuildPhase;
			buildActionMask = 2147483647;
			files = (
			);
			inputPaths = (
			);
			name = "[CP] Embed Pods Frameworks";
			outputPaths = (
			);
			runOnlyForDeploymentPostprocessing = 0;
			shellPath = /bin/sh;
			shellScript = "\"${SRCROOT}/Pods/Target Support Files/Pods-FantasyBasketballTests/Pods-FantasyBasketballTests-frameworks.sh\"\n";
			showEnvVarsInLog = 0;
		};
		2A13267CE0221360FEAF24B4 /* [CP] Check Pods Manifest.lock */ = {
			isa = PBXShellScriptBuildPhase;
			buildActionMask = 2147483647;
			files = (
			);
			inputPaths = (
			);
			name = "[CP] Check Pods Manifest.lock";
			outputPaths = (
			);
			runOnlyForDeploymentPostprocessing = 0;
			shellPath = /bin/sh;
			shellScript = "diff \"${PODS_PODFILE_DIR_PATH}/Podfile.lock\" \"${PODS_ROOT}/Manifest.lock\" > /dev/null\nif [ $? != 0 ] ; then\n    # print error to STDERR\n    echo \"error: The sandbox is not in sync with the Podfile.lock. Run 'pod install' or update your CocoaPods installation.\" >&2\n    exit 1\nfi\n";
			showEnvVarsInLog = 0;
		};
		2AF3A499F3647F00BCFCF97F /* [CP] Embed Pods Frameworks */ = {
			isa = PBXShellScriptBuildPhase;
			buildActionMask = 2147483647;
			files = (
			);
			inputPaths = (
			);
			name = "[CP] Embed Pods Frameworks";
			outputPaths = (
			);
			runOnlyForDeploymentPostprocessing = 0;
			shellPath = /bin/sh;
			shellScript = "\"${SRCROOT}/Pods/Target Support Files/Pods-FantasyBasketball/Pods-FantasyBasketball-frameworks.sh\"\n";
			showEnvVarsInLog = 0;
		};
		4D9322C0840C4BE4E61CE86E /* [CP] Copy Pods Resources */ = {
			isa = PBXShellScriptBuildPhase;
			buildActionMask = 2147483647;
			files = (
			);
			inputPaths = (
			);
			name = "[CP] Copy Pods Resources";
			outputPaths = (
			);
			runOnlyForDeploymentPostprocessing = 0;
			shellPath = /bin/sh;
			shellScript = "\"${SRCROOT}/Pods/Target Support Files/Pods-FantasyBasketballTests/Pods-FantasyBasketballTests-resources.sh\"\n";
			showEnvVarsInLog = 0;
		};
		5DFB05765C94A9B48D1EF7AB /* [CP] Check Pods Manifest.lock */ = {
			isa = PBXShellScriptBuildPhase;
			buildActionMask = 2147483647;
			files = (
			);
			inputPaths = (
			);
			name = "[CP] Check Pods Manifest.lock";
			outputPaths = (
			);
			runOnlyForDeploymentPostprocessing = 0;
			shellPath = /bin/sh;
			shellScript = "diff \"${PODS_PODFILE_DIR_PATH}/Podfile.lock\" \"${PODS_ROOT}/Manifest.lock\" > /dev/null\nif [ $? != 0 ] ; then\n    # print error to STDERR\n    echo \"error: The sandbox is not in sync with the Podfile.lock. Run 'pod install' or update your CocoaPods installation.\" >&2\n    exit 1\nfi\n";
			showEnvVarsInLog = 0;
		};
		8F8D86D6BA57D0FA1F385E66 /* [CP] Copy Pods Resources */ = {
			isa = PBXShellScriptBuildPhase;
			buildActionMask = 2147483647;
			files = (
			);
			inputPaths = (
			);
			name = "[CP] Copy Pods Resources";
			outputPaths = (
			);
			runOnlyForDeploymentPostprocessing = 0;
			shellPath = /bin/sh;
			shellScript = "\"${SRCROOT}/Pods/Target Support Files/Pods-FantasyBasketball/Pods-FantasyBasketball-resources.sh\"\n";
			showEnvVarsInLog = 0;
		};
		B23CEB55B69BD947A1BC25F3 /* [CP] Check Pods Manifest.lock */ = {
			isa = PBXShellScriptBuildPhase;
			buildActionMask = 2147483647;
			files = (
			);
			inputPaths = (
			);
			name = "[CP] Check Pods Manifest.lock";
			outputPaths = (
			);
			runOnlyForDeploymentPostprocessing = 0;
			shellPath = /bin/sh;
			shellScript = "diff \"${PODS_PODFILE_DIR_PATH}/Podfile.lock\" \"${PODS_ROOT}/Manifest.lock\" > /dev/null\nif [ $? != 0 ] ; then\n    # print error to STDERR\n    echo \"error: The sandbox is not in sync with the Podfile.lock. Run 'pod install' or update your CocoaPods installation.\" >&2\n    exit 1\nfi\n";
			showEnvVarsInLog = 0;
		};
		F5531F127417CE2DD8A9B433 /* [CP] Copy Pods Resources */ = {
			isa = PBXShellScriptBuildPhase;
			buildActionMask = 2147483647;
			files = (
			);
			inputPaths = (
			);
			name = "[CP] Copy Pods Resources";
			outputPaths = (
			);
			runOnlyForDeploymentPostprocessing = 0;
			shellPath = /bin/sh;
			shellScript = "\"${SRCROOT}/Pods/Target Support Files/Pods-Fantasy Basketball/Pods-Fantasy Basketball-resources.sh\"\n";
			showEnvVarsInLog = 0;
		};
/* End PBXShellScriptBuildPhase section */

/* Begin PBXSourcesBuildPhase section */
		50ABFF881F956560007AB627 /* Sources */ = {
			isa = PBXSourcesBuildPhase;
			buildActionMask = 2147483647;
			files = (
				50ABFFA91F9570CE007AB627 /* XPathQuery.m in Sources */,
				50ABFFA61F957069007AB627 /* FBPlayer.m in Sources */,
				50ABFFA51F957062007AB627 /* TFHppleElement.m in Sources */,
				50ABFF9F1F956B10007AB627 /* FBSession.m in Sources */,
				50ABFFA21F956B5C007AB627 /* FBCoreDataModel.xcdatamodeld in Sources */,
				50ABFF9E1F956B06007AB627 /* TFHpple.m in Sources */,
				50ABFF911F956560007AB627 /* TodayViewController.m in Sources */,
			);
			runOnlyForDeploymentPostprocessing = 0;
		};
		F96590841A676DB2005384D1 /* Sources */ = {
			isa = PBXSourcesBuildPhase;
			buildActionMask = 2147483647;
			files = (
				F96590911A676DB2005384D1 /* AppDelegate.m in Sources */,
				F93DAD061E08F07100B5F5FF /* FBWinProbablityPlayer.m in Sources */,
				F97063831A6C98D700A50A43 /* WebViewController.m in Sources */,
				F937FD051C0BC0E8002D545E /* FBNewsSettings.m in Sources */,
				F9E5F2121BEEAE42003E8CAA /* WatchListViewController.m in Sources */,
				F9E5F2181BEEAE5C003E8CAA /* StandingsViewController.m in Sources */,
				F93CC15D1C0A47EF0078E5FA /* FBWatchList+CoreDataProperties.m in Sources */,
				F954E9841B65E501000F323F /* XPathQuery.m in Sources */,
				F954E9931B65E52C000F323F /* BEMPermanentPopupView.m in Sources */,
				F96590B91A677441005384D1 /* PlayersViewController.m in Sources */,
				F991B1881BE6D1D5008A4EA6 /* FBSession.m in Sources */,
				F937FD041C0BC0E8002D545E /* FBNewsSettings+CoreDataProperties.m in Sources */,
				F9F8185D1B6ABA0700EE70E7 /* FBPlayer.m in Sources */,
				F954E9821B65E501000F323F /* TFHpple.m in Sources */,
				F933F7711A6B5414009E24D8 /* MatchupViewController.m in Sources */,
				F991B18B1BE6F04C008A4EA6 /* SessionViewController.m in Sources */,
				F96DAF441B6C2F2B00648CCF /* FBPickerView.m in Sources */,
				F933F76E1A6B2585009E24D8 /* DailyLeadersViewController.m in Sources */,
				F913152B1BEC2C3A007ADCD2 /* UIColor+FBColors.m in Sources */,
				F97063801A6C98B800A50A43 /* PlayerViewController.m in Sources */,
				F9AAF19A1E0F5B4200A0C065 /* FBWinProbabilityGame.m in Sources */,
				F954E9911B65E52C000F323F /* BEMCircle.m in Sources */,
				F9D7023C1A9F678000AAEB18 /* PlayerCell.m in Sources */,
				F954E9831B65E501000F323F /* TFHppleElement.m in Sources */,
				F96590B61A6773E8005384D1 /* MyTeamViewController.m in Sources */,
				F93DAD031E08EC9500B5F5FF /* FBWinProbablity.m in Sources */,
				F904F3A71B6C665600B7BD37 /* FBViewController.m in Sources */,
				F937FCFE1C0BAE7A002D545E /* FBNewsSelectorView.m in Sources */,
				F954E9941B65E52C000F323F /* BEMSimpleLineGraphView.m in Sources */,
				F991B1871BE6D1D5008A4EA6 /* FBSession+CoreDataProperties.m in Sources */,
				F95F53D51B6BFECA00CFF253 /* LeftSideMenuViewController.m in Sources */,
				F9E5F2151BEEAE4F003E8CAA /* ScoreboardViewController.m in Sources */,
				F991B1821BE6D0E0008A4EA6 /* FBCoreDataModel.xcdatamodeld in Sources */,
				F965908E1A676DB2005384D1 /* main.m in Sources */,
				F954E9901B65E52C000F323F /* BEMAverageLine.m in Sources */,
				F95F53E01B6C0FDE00CFF253 /* SettingsViewController.m in Sources */,
				F9E5F20E1BEEAC04003E8CAA /* NewsViewController.m in Sources */,
				F9908DFF1AA250F0008DF9D8 /* MatchupPlayerCell.m in Sources */,
				F954E9921B65E52C000F323F /* BEMLine.m in Sources */,
				F9F9877F1C097268007C3BE9 /* ScoreboardCell.m in Sources */,
				F93CC15E1C0A47EF0078E5FA /* FBWatchList.m in Sources */,
			);
			runOnlyForDeploymentPostprocessing = 0;
		};
		F96590A01A676DB3005384D1 /* Sources */ = {
			isa = PBXSourcesBuildPhase;
			buildActionMask = 2147483647;
			files = (
				F96590AB1A676DB3005384D1 /* FantasyBasketballTests.m in Sources */,
			);
			runOnlyForDeploymentPostprocessing = 0;
		};
/* End PBXSourcesBuildPhase section */

/* Begin PBXTargetDependency section */
		50ABFF971F956560007AB627 /* PBXTargetDependency */ = {
			isa = PBXTargetDependency;
			target = 50ABFF8B1F956560007AB627 /* Fantasy Basketball */;
			targetProxy = 50ABFF961F956560007AB627 /* PBXContainerItemProxy */;
		};
		F96590A61A676DB3005384D1 /* PBXTargetDependency */ = {
			isa = PBXTargetDependency;
			target = F96590871A676DB2005384D1 /* FantasyBasketball */;
			targetProxy = F96590A51A676DB3005384D1 /* PBXContainerItemProxy */;
		};
/* End PBXTargetDependency section */

/* Begin PBXVariantGroup section */
		50ABFF921F956560007AB627 /* MainInterface.storyboard */ = {
			isa = PBXVariantGroup;
			children = (
				50ABFF931F956560007AB627 /* Base */,
			);
			name = MainInterface.storyboard;
			sourceTree = "<group>";
		};
		F96590981A676DB3005384D1 /* Main.storyboard */ = {
			isa = PBXVariantGroup;
			children = (
				F96590991A676DB3005384D1 /* Base */,
			);
			name = Main.storyboard;
			sourceTree = "<group>";
		};
		F965909D1A676DB3005384D1 /* LaunchScreen.xib */ = {
			isa = PBXVariantGroup;
			children = (
				F965909E1A676DB3005384D1 /* Base */,
			);
			name = LaunchScreen.xib;
			sourceTree = "<group>";
		};
/* End PBXVariantGroup section */

/* Begin XCBuildConfiguration section */
		50ABFF9A1F956560007AB627 /* Debug */ = {
			isa = XCBuildConfiguration;
			baseConfigurationReference = 722489F9C43580DF05AF8309 /* Pods-Fantasy Basketball.debug.xcconfig */;
			buildSettings = {
				CLANG_ANALYZER_NONNULL = YES;
				CLANG_ANALYZER_NUMBER_OBJECT_CONVERSION = YES_AGGRESSIVE;
				CLANG_CXX_LANGUAGE_STANDARD = "gnu++14";
				CLANG_WARN_BLOCK_CAPTURE_AUTORELEASING = YES;
				CLANG_WARN_COMMA = YES;
				CLANG_WARN_DOCUMENTATION_COMMENTS = YES;
				CLANG_WARN_NON_LITERAL_NULL_CONVERSION = YES;
				CLANG_WARN_OBJC_LITERAL_CONVERSION = YES;
				CLANG_WARN_RANGE_LOOP_ANALYSIS = YES;
				CLANG_WARN_STRICT_PROTOTYPES = YES;
				CLANG_WARN_UNGUARDED_AVAILABILITY = YES_AGGRESSIVE;
				CODE_SIGN_ENTITLEMENTS = "Fantasy Basketball/Fantasy Basketball.entitlements";
				CODE_SIGN_IDENTITY = "iPhone Developer";
				CODE_SIGN_STYLE = Automatic;
				DEBUG_INFORMATION_FORMAT = dwarf;
				DEVELOPMENT_TEAM = Q82S7VERUD;
				ENABLE_ON_DEMAND_RESOURCES = NO;
				GCC_C_LANGUAGE_STANDARD = gnu11;
				HEADER_SEARCH_PATHS = (
					"$(inherited)",
					"\"${PODS_ROOT}/Headers/Public\"",
					"\"${PODS_ROOT}/Headers/Public/FrameAccessor\"",
					"\"${PODS_ROOT}/Headers/Public/GraphKit\"",
					"\"${PODS_ROOT}/Headers/Public/JBChartView\"",
					"\"${PODS_ROOT}/Headers/Public/MKFoundationKit\"",
					"\"${PODS_ROOT}/Headers/Public/RESideMenu\"",
					"\"${PODS_ROOT}/Headers/Public/ZFDragableModalTransition\"",
					"$(SDKROOT)/usr/include/libxml2",
				);
				INFOPLIST_FILE = "Fantasy Basketball/Info.plist";
				IPHONEOS_DEPLOYMENT_TARGET = 10.0;
				LD_RUNPATH_SEARCH_PATHS = "$(inherited) @executable_path/Frameworks @executable_path/../../Frameworks";
				OTHER_LDFLAGS = (
					"$(inherited)",
					"-ObjC",
				);
				PRODUCT_BUNDLE_IDENTIFIER = "com.chappyasel.fantasybasketball.Fantasy-Basketball";
				PRODUCT_NAME = "$(TARGET_NAME)";
				SKIP_INSTALL = YES;
				TARGETED_DEVICE_FAMILY = "1,2";
			};
			name = Debug;
		};
		50ABFF9B1F956560007AB627 /* Release */ = {
			isa = XCBuildConfiguration;
			baseConfigurationReference = 46A9D1CA45B5CFD889DDE265 /* Pods-Fantasy Basketball.release.xcconfig */;
			buildSettings = {
				CLANG_ANALYZER_NONNULL = YES;
				CLANG_ANALYZER_NUMBER_OBJECT_CONVERSION = YES_AGGRESSIVE;
				CLANG_CXX_LANGUAGE_STANDARD = "gnu++14";
				CLANG_WARN_BLOCK_CAPTURE_AUTORELEASING = YES;
				CLANG_WARN_COMMA = YES;
				CLANG_WARN_DOCUMENTATION_COMMENTS = YES;
				CLANG_WARN_NON_LITERAL_NULL_CONVERSION = YES;
				CLANG_WARN_OBJC_LITERAL_CONVERSION = YES;
				CLANG_WARN_RANGE_LOOP_ANALYSIS = YES;
				CLANG_WARN_STRICT_PROTOTYPES = YES;
				CLANG_WARN_UNGUARDED_AVAILABILITY = YES_AGGRESSIVE;
				CODE_SIGN_ENTITLEMENTS = "Fantasy Basketball/Fantasy Basketball.entitlements";
				CODE_SIGN_IDENTITY = "iPhone Developer";
				CODE_SIGN_STYLE = Automatic;
				COPY_PHASE_STRIP = NO;
				DEBUG_INFORMATION_FORMAT = "dwarf-with-dsym";
				DEVELOPMENT_TEAM = Q82S7VERUD;
				ENABLE_ON_DEMAND_RESOURCES = NO;
				GCC_C_LANGUAGE_STANDARD = gnu11;
				HEADER_SEARCH_PATHS = (
					"$(inherited)",
					"\"${PODS_ROOT}/Headers/Public\"",
					"\"${PODS_ROOT}/Headers/Public/FrameAccessor\"",
					"\"${PODS_ROOT}/Headers/Public/GraphKit\"",
					"\"${PODS_ROOT}/Headers/Public/JBChartView\"",
					"\"${PODS_ROOT}/Headers/Public/MKFoundationKit\"",
					"\"${PODS_ROOT}/Headers/Public/RESideMenu\"",
					"\"${PODS_ROOT}/Headers/Public/ZFDragableModalTransition\"",
					"$(SDKROOT)/usr/include/libxml2",
				);
				INFOPLIST_FILE = "Fantasy Basketball/Info.plist";
				IPHONEOS_DEPLOYMENT_TARGET = 10.0;
				LD_RUNPATH_SEARCH_PATHS = "$(inherited) @executable_path/Frameworks @executable_path/../../Frameworks";
				OTHER_LDFLAGS = (
					"$(inherited)",
					"-ObjC",
				);
				PRODUCT_BUNDLE_IDENTIFIER = "com.chappyasel.fantasybasketball.Fantasy-Basketball";
				PRODUCT_NAME = "$(TARGET_NAME)";
				SKIP_INSTALL = YES;
				TARGETED_DEVICE_FAMILY = "1,2";
			};
			name = Release;
		};
		F96590AC1A676DB3005384D1 /* Debug */ = {
			isa = XCBuildConfiguration;
			buildSettings = {
				ALWAYS_SEARCH_USER_PATHS = NO;
				CLANG_CXX_LANGUAGE_STANDARD = "gnu++0x";
				CLANG_CXX_LIBRARY = "libc++";
				CLANG_ENABLE_MODULES = YES;
				CLANG_ENABLE_OBJC_ARC = YES;
				CLANG_WARN_BLOCK_CAPTURE_AUTORELEASING = YES;
				CLANG_WARN_BOOL_CONVERSION = YES;
				CLANG_WARN_COMMA = YES;
				CLANG_WARN_CONSTANT_CONVERSION = YES;
				CLANG_WARN_DIRECT_OBJC_ISA_USAGE = YES_ERROR;
				CLANG_WARN_EMPTY_BODY = YES;
				CLANG_WARN_ENUM_CONVERSION = YES;
				CLANG_WARN_INFINITE_RECURSION = YES;
				CLANG_WARN_INT_CONVERSION = YES;
				CLANG_WARN_NON_LITERAL_NULL_CONVERSION = YES;
				CLANG_WARN_OBJC_LITERAL_CONVERSION = YES;
				CLANG_WARN_OBJC_ROOT_CLASS = YES_ERROR;
				CLANG_WARN_RANGE_LOOP_ANALYSIS = YES;
				CLANG_WARN_STRICT_PROTOTYPES = YES;
				CLANG_WARN_SUSPICIOUS_MOVE = YES;
				CLANG_WARN_UNREACHABLE_CODE = YES;
				CLANG_WARN__DUPLICATE_METHOD_MATCH = YES;
				"CODE_SIGN_IDENTITY[sdk=iphoneos*]" = "iPhone Developer";
				COPY_PHASE_STRIP = NO;
				ENABLE_STRICT_OBJC_MSGSEND = YES;
				ENABLE_TESTABILITY = YES;
				GCC_C_LANGUAGE_STANDARD = gnu99;
				GCC_DYNAMIC_NO_PIC = NO;
				GCC_NO_COMMON_BLOCKS = YES;
				GCC_OPTIMIZATION_LEVEL = 0;
				GCC_PREPROCESSOR_DEFINITIONS = (
					"DEBUG=1",
					"$(inherited)",
				);
				GCC_SYMBOLS_PRIVATE_EXTERN = NO;
				GCC_WARN_64_TO_32_BIT_CONVERSION = YES;
				GCC_WARN_ABOUT_RETURN_TYPE = YES_ERROR;
				GCC_WARN_UNDECLARED_SELECTOR = YES;
				GCC_WARN_UNINITIALIZED_AUTOS = YES_AGGRESSIVE;
				GCC_WARN_UNUSED_FUNCTION = YES;
				GCC_WARN_UNUSED_VARIABLE = YES;
				IPHONEOS_DEPLOYMENT_TARGET = 8.1;
				MTL_ENABLE_DEBUG_INFO = YES;
				ONLY_ACTIVE_ARCH = YES;
				SDKROOT = iphoneos;
			};
			name = Debug;
		};
		F96590AD1A676DB3005384D1 /* Release */ = {
			isa = XCBuildConfiguration;
			buildSettings = {
				ALWAYS_SEARCH_USER_PATHS = NO;
				CLANG_CXX_LANGUAGE_STANDARD = "gnu++0x";
				CLANG_CXX_LIBRARY = "libc++";
				CLANG_ENABLE_MODULES = YES;
				CLANG_ENABLE_OBJC_ARC = YES;
				CLANG_WARN_BLOCK_CAPTURE_AUTORELEASING = YES;
				CLANG_WARN_BOOL_CONVERSION = YES;
				CLANG_WARN_COMMA = YES;
				CLANG_WARN_CONSTANT_CONVERSION = YES;
				CLANG_WARN_DIRECT_OBJC_ISA_USAGE = YES_ERROR;
				CLANG_WARN_EMPTY_BODY = YES;
				CLANG_WARN_ENUM_CONVERSION = YES;
				CLANG_WARN_INFINITE_RECURSION = YES;
				CLANG_WARN_INT_CONVERSION = YES;
				CLANG_WARN_NON_LITERAL_NULL_CONVERSION = YES;
				CLANG_WARN_OBJC_LITERAL_CONVERSION = YES;
				CLANG_WARN_OBJC_ROOT_CLASS = YES_ERROR;
				CLANG_WARN_RANGE_LOOP_ANALYSIS = YES;
				CLANG_WARN_STRICT_PROTOTYPES = YES;
				CLANG_WARN_SUSPICIOUS_MOVE = YES;
				CLANG_WARN_UNREACHABLE_CODE = YES;
				CLANG_WARN__DUPLICATE_METHOD_MATCH = YES;
				"CODE_SIGN_IDENTITY[sdk=iphoneos*]" = "iPhone Developer";
				COPY_PHASE_STRIP = YES;
				ENABLE_NS_ASSERTIONS = NO;
				ENABLE_STRICT_OBJC_MSGSEND = YES;
				GCC_C_LANGUAGE_STANDARD = gnu99;
				GCC_NO_COMMON_BLOCKS = YES;
				GCC_WARN_64_TO_32_BIT_CONVERSION = YES;
				GCC_WARN_ABOUT_RETURN_TYPE = YES_ERROR;
				GCC_WARN_UNDECLARED_SELECTOR = YES;
				GCC_WARN_UNINITIALIZED_AUTOS = YES_AGGRESSIVE;
				GCC_WARN_UNUSED_FUNCTION = YES;
				GCC_WARN_UNUSED_VARIABLE = YES;
				IPHONEOS_DEPLOYMENT_TARGET = 8.1;
				MTL_ENABLE_DEBUG_INFO = NO;
				SDKROOT = iphoneos;
				VALIDATE_PRODUCT = YES;
			};
			name = Release;
		};
		F96590AF1A676DB3005384D1 /* Debug */ = {
			isa = XCBuildConfiguration;
			baseConfigurationReference = EEBECDFE64BEDB4E46B7C20B /* Pods-FantasyBasketball.debug.xcconfig */;
			buildSettings = {
				ALWAYS_SEARCH_USER_PATHS = NO;
				ASSETCATALOG_COMPILER_APPICON_NAME = AppIcon;
				CODE_SIGN_ENTITLEMENTS = FantasyBasketball/FantasyBasketball.entitlements;
				CODE_SIGN_IDENTITY = "iPhone Developer";
				DEVELOPMENT_TEAM = Q82S7VERUD;
				GCC_PRECOMPILE_PREFIX_HEADER = YES;
				GCC_PREFIX_HEADER = "/Users/chappyasel/Desktop/Github Repos/FantasyBasketball_iOS/FantasyBasketball/FantasyBasketball/FanstasyBaskeyballPrefixHeader.pch";
				HEADER_SEARCH_PATHS = (
					"$(inherited)",
					/Applications/Xcode.app/Contents/Developer/Toolchains/XcodeDefault.xctoolchain/usr/include,
					"$(SDKROOT)/usr/include/libxml2",
				);
				INFOPLIST_FILE = FantasyBasketball/Info.plist;
				IPHONEOS_DEPLOYMENT_TARGET = 9.0;
				LD_RUNPATH_SEARCH_PATHS = "$(inherited) @executable_path/Frameworks";
				PRODUCT_BUNDLE_IDENTIFIER = com.chappyasel.fantasybasketball;
				PRODUCT_NAME = "$(TARGET_NAME)";
				TARGETED_DEVICE_FAMILY = "1,2";
				USER_HEADER_SEARCH_PATHS = "";
			};
			name = Debug;
		};
		F96590B01A676DB3005384D1 /* Release */ = {
			isa = XCBuildConfiguration;
			baseConfigurationReference = BFB6DC3A6ECAE8D4487F85DC /* Pods-FantasyBasketball.release.xcconfig */;
			buildSettings = {
				ALWAYS_SEARCH_USER_PATHS = NO;
				ASSETCATALOG_COMPILER_APPICON_NAME = AppIcon;
				CODE_SIGN_ENTITLEMENTS = FantasyBasketball/FantasyBasketball.entitlements;
				CODE_SIGN_IDENTITY = "iPhone Developer";
				DEVELOPMENT_TEAM = Q82S7VERUD;
				GCC_PRECOMPILE_PREFIX_HEADER = YES;
				GCC_PREFIX_HEADER = "/Users/chappyasel/Desktop/Github Repos/FantasyBasketball_iOS/FantasyBasketball/FantasyBasketball/FanstasyBaskeyballPrefixHeader.pch";
				HEADER_SEARCH_PATHS = (
					"$(inherited)",
					/Applications/Xcode.app/Contents/Developer/Toolchains/XcodeDefault.xctoolchain/usr/include,
					"$(SDKROOT)/usr/include/libxml2",
				);
				INFOPLIST_FILE = FantasyBasketball/Info.plist;
				IPHONEOS_DEPLOYMENT_TARGET = 9.0;
				LD_RUNPATH_SEARCH_PATHS = "$(inherited) @executable_path/Frameworks";
				ONLY_ACTIVE_ARCH = NO;
				PRODUCT_BUNDLE_IDENTIFIER = com.chappyasel.fantasybasketball;
				PRODUCT_NAME = "$(TARGET_NAME)";
				TARGETED_DEVICE_FAMILY = "1,2";
				USER_HEADER_SEARCH_PATHS = "";
			};
			name = Release;
		};
		F96590B21A676DB3005384D1 /* Debug */ = {
			isa = XCBuildConfiguration;
			baseConfigurationReference = 3C13CAD95BCEDD1E38D717A1 /* Pods-FantasyBasketballTests.debug.xcconfig */;
			buildSettings = {
				BUNDLE_LOADER = "$(TEST_HOST)";
				FRAMEWORK_SEARCH_PATHS = (
					"$(SDKROOT)/Developer/Library/Frameworks",
					"$(inherited)",
				);
				GCC_PREPROCESSOR_DEFINITIONS = (
					"DEBUG=1",
					"$(inherited)",
				);
				INFOPLIST_FILE = FantasyBasketballTests/Info.plist;
				LD_RUNPATH_SEARCH_PATHS = "$(inherited) @executable_path/Frameworks @loader_path/Frameworks";
				PRODUCT_BUNDLE_IDENTIFIER = "CDdesigns.$(PRODUCT_NAME:rfc1034identifier)";
				PRODUCT_NAME = "$(TARGET_NAME)";
				TEST_HOST = "$(BUILT_PRODUCTS_DIR)/FantasyBasketball.app/FantasyBasketball";
			};
			name = Debug;
		};
		F96590B31A676DB3005384D1 /* Release */ = {
			isa = XCBuildConfiguration;
			baseConfigurationReference = 54D846C71E2E1A6570CCC85D /* Pods-FantasyBasketballTests.release.xcconfig */;
			buildSettings = {
				BUNDLE_LOADER = "$(TEST_HOST)";
				FRAMEWORK_SEARCH_PATHS = (
					"$(SDKROOT)/Developer/Library/Frameworks",
					"$(inherited)",
				);
				INFOPLIST_FILE = FantasyBasketballTests/Info.plist;
				LD_RUNPATH_SEARCH_PATHS = "$(inherited) @executable_path/Frameworks @loader_path/Frameworks";
				PRODUCT_BUNDLE_IDENTIFIER = "CDdesigns.$(PRODUCT_NAME:rfc1034identifier)";
				PRODUCT_NAME = "$(TARGET_NAME)";
				TEST_HOST = "$(BUILT_PRODUCTS_DIR)/FantasyBasketball.app/FantasyBasketball";
			};
			name = Release;
		};
/* End XCBuildConfiguration section */

/* Begin XCConfigurationList section */
		50ABFF991F956560007AB627 /* Build configuration list for PBXNativeTarget "Fantasy Basketball" */ = {
			isa = XCConfigurationList;
			buildConfigurations = (
				50ABFF9A1F956560007AB627 /* Debug */,
				50ABFF9B1F956560007AB627 /* Release */,
			);
			defaultConfigurationIsVisible = 0;
			defaultConfigurationName = Release;
		};
		F96590831A676DB2005384D1 /* Build configuration list for PBXProject "FantasyBasketball" */ = {
			isa = XCConfigurationList;
			buildConfigurations = (
				F96590AC1A676DB3005384D1 /* Debug */,
				F96590AD1A676DB3005384D1 /* Release */,
			);
			defaultConfigurationIsVisible = 0;
			defaultConfigurationName = Release;
		};
		F96590AE1A676DB3005384D1 /* Build configuration list for PBXNativeTarget "FantasyBasketball" */ = {
			isa = XCConfigurationList;
			buildConfigurations = (
				F96590AF1A676DB3005384D1 /* Debug */,
				F96590B01A676DB3005384D1 /* Release */,
			);
			defaultConfigurationIsVisible = 0;
			defaultConfigurationName = Release;
		};
		F96590B11A676DB3005384D1 /* Build configuration list for PBXNativeTarget "FantasyBasketballTests" */ = {
			isa = XCConfigurationList;
			buildConfigurations = (
				F96590B21A676DB3005384D1 /* Debug */,
				F96590B31A676DB3005384D1 /* Release */,
			);
			defaultConfigurationIsVisible = 0;
			defaultConfigurationName = Release;
		};
/* End XCConfigurationList section */

/* Begin XCVersionGroup section */
		F991B1801BE6D0E0008A4EA6 /* FBCoreDataModel.xcdatamodeld */ = {
			isa = XCVersionGroup;
			children = (
				F991B1811BE6D0E0008A4EA6 /* FBCoreDataModel.xcdatamodel */,
			);
			currentVersion = F991B1811BE6D0E0008A4EA6 /* FBCoreDataModel.xcdatamodel */;
			path = FBCoreDataModel.xcdatamodeld;
			sourceTree = "<group>";
			versionGroupType = wrapper.xcdatamodel;
		};
/* End XCVersionGroup section */
	};
	rootObject = F96590801A676DB2005384D1 /* Project object */;
}
